// !$*UTF8*$!
{
	archiveVersion = 1;
	classes = {
	};
	objectVersion = 52;
	objects = {

/* Begin PBXBuildFile section */
		63312C3326A05CDB004DB7B4 /* Alamofire in Frameworks */ = {isa = PBXBuildFile; productRef = 63312C3226A05CDB004DB7B4 /* Alamofire */; };
		63312C3626A168E3004DB7B4 /* Genre.swift in Sources */ = {isa = PBXBuildFile; fileRef = 63312C3526A168E3004DB7B4 /* Genre.swift */; };
		63312C3826A1711D004DB7B4 /* RequestError.swift in Sources */ = {isa = PBXBuildFile; fileRef = 63312C3726A1711D004DB7B4 /* RequestError.swift */; };
		63312C3A26A1740A004DB7B4 /* NetworkClient.swift in Sources */ = {isa = PBXBuildFile; fileRef = 63312C3926A17409004DB7B4 /* NetworkClient.swift */; };
		63312C3C26A1748A004DB7B4 /* NetworkClientProtocol.swift in Sources */ = {isa = PBXBuildFile; fileRef = 63312C3B26A1748A004DB7B4 /* NetworkClientProtocol.swift */; };
		638BAF27269ED21B00E8E75F /* ProximaNova-Bold.otf in Resources */ = {isa = PBXBuildFile; fileRef = 638BAF24269ED21A00E8E75F /* ProximaNova-Bold.otf */; };
		638BAF28269ED21B00E8E75F /* ProximaNova-Medium.otf in Resources */ = {isa = PBXBuildFile; fileRef = 638BAF25269ED21B00E8E75F /* ProximaNova-Medium.otf */; };
		638BAF29269ED21B00E8E75F /* ProximaNova-Semibold.otf in Resources */ = {isa = PBXBuildFile; fileRef = 638BAF26269ED21B00E8E75F /* ProximaNova-Semibold.otf */; };
		638BAF2B269ED40800E8E75F /* FontsConstants.swift in Sources */ = {isa = PBXBuildFile; fileRef = 638BAF2A269ED40800E8E75F /* FontsConstants.swift */; };
		638BAF2D269EDC9F00E8E75F /* HomePagePresenter.swift in Sources */ = {isa = PBXBuildFile; fileRef = 638BAF2C269EDC9F00E8E75F /* HomePagePresenter.swift */; };
		638BAF33269EE12F00E8E75F /* Movie.swift in Sources */ = {isa = PBXBuildFile; fileRef = 638BAF32269EE12F00E8E75F /* Movie.swift */; };
		63CC4868269DA89400AE3DDB /* DesignProtocol.swift in Sources */ = {isa = PBXBuildFile; fileRef = 63CC4867269DA89400AE3DDB /* DesignProtocol.swift */; };
		63CC486A269DA94D00AE3DDB /* HomePageViewController.swift in Sources */ = {isa = PBXBuildFile; fileRef = 63CC4869269DA94D00AE3DDB /* HomePageViewController.swift */; };
		63CC486C269DA96A00AE3DDB /* HomePageViewController+Design.swift in Sources */ = {isa = PBXBuildFile; fileRef = 63CC486B269DA96A00AE3DDB /* HomePageViewController+Design.swift */; };
		63CC486F269DAB3400AE3DDB /* SnapKit in Frameworks */ = {isa = PBXBuildFile; productRef = 63CC486E269DAB3400AE3DDB /* SnapKit */; };
		63CC4876269DB82100AE3DDB /* UIColor+CustomColors.swift in Sources */ = {isa = PBXBuildFile; fileRef = 63CC4875269DB82100AE3DDB /* UIColor+CustomColors.swift */; };
		63CC4878269E397D00AE3DDB /* MovieCell.swift in Sources */ = {isa = PBXBuildFile; fileRef = 63CC4877269E397D00AE3DDB /* MovieCell.swift */; };
		63CC487A269E448200AE3DDB /* MovieCell+Design.swift in Sources */ = {isa = PBXBuildFile; fileRef = 63CC4879269E448200AE3DDB /* MovieCell+Design.swift */; };
		63DAA5D6269C7E210004F235 /* AppDelegate.swift in Sources */ = {isa = PBXBuildFile; fileRef = 63DAA5D5269C7E210004F235 /* AppDelegate.swift */; };
		63DAA5D8269C7E210004F235 /* SceneDelegate.swift in Sources */ = {isa = PBXBuildFile; fileRef = 63DAA5D7269C7E210004F235 /* SceneDelegate.swift */; };
		63DAA5E0269C7E210004F235 /* MovieApp.xcdatamodeld in Sources */ = {isa = PBXBuildFile; fileRef = 63DAA5DE269C7E210004F235 /* MovieApp.xcdatamodeld */; };
		63DAA5E2269C7E240004F235 /* Assets.xcassets in Resources */ = {isa = PBXBuildFile; fileRef = 63DAA5E1269C7E240004F235 /* Assets.xcassets */; };
		63DAA5E5269C7E240004F235 /* LaunchScreen.storyboard in Resources */ = {isa = PBXBuildFile; fileRef = 63DAA5E3269C7E240004F235 /* LaunchScreen.storyboard */; };
/* End PBXBuildFile section */

/* Begin PBXFileReference section */
		63312C3526A168E3004DB7B4 /* Genre.swift */ = {isa = PBXFileReference; lastKnownFileType = sourcecode.swift; path = Genre.swift; sourceTree = "<group>"; };
		63312C3726A1711D004DB7B4 /* RequestError.swift */ = {isa = PBXFileReference; lastKnownFileType = sourcecode.swift; path = RequestError.swift; sourceTree = "<group>"; };
		63312C3926A17409004DB7B4 /* NetworkClient.swift */ = {isa = PBXFileReference; lastKnownFileType = sourcecode.swift; path = NetworkClient.swift; sourceTree = "<group>"; };
		63312C3B26A1748A004DB7B4 /* NetworkClientProtocol.swift */ = {isa = PBXFileReference; lastKnownFileType = sourcecode.swift; path = NetworkClientProtocol.swift; sourceTree = "<group>"; };
		638BAF24269ED21A00E8E75F /* ProximaNova-Bold.otf */ = {isa = PBXFileReference; lastKnownFileType = file; path = "ProximaNova-Bold.otf"; sourceTree = "<group>"; };
		638BAF25269ED21B00E8E75F /* ProximaNova-Medium.otf */ = {isa = PBXFileReference; lastKnownFileType = file; path = "ProximaNova-Medium.otf"; sourceTree = "<group>"; };
		638BAF26269ED21B00E8E75F /* ProximaNova-Semibold.otf */ = {isa = PBXFileReference; lastKnownFileType = file; path = "ProximaNova-Semibold.otf"; sourceTree = "<group>"; };
		638BAF2A269ED40800E8E75F /* FontsConstants.swift */ = {isa = PBXFileReference; lastKnownFileType = sourcecode.swift; path = FontsConstants.swift; sourceTree = "<group>"; };
		638BAF2C269EDC9F00E8E75F /* HomePagePresenter.swift */ = {isa = PBXFileReference; lastKnownFileType = sourcecode.swift; path = HomePagePresenter.swift; sourceTree = "<group>"; };
		638BAF32269EE12F00E8E75F /* Movie.swift */ = {isa = PBXFileReference; lastKnownFileType = sourcecode.swift; path = Movie.swift; sourceTree = "<group>"; };
		63CC4867269DA89400AE3DDB /* DesignProtocol.swift */ = {isa = PBXFileReference; lastKnownFileType = sourcecode.swift; path = DesignProtocol.swift; sourceTree = "<group>"; };
		63CC4869269DA94D00AE3DDB /* HomePageViewController.swift */ = {isa = PBXFileReference; lastKnownFileType = sourcecode.swift; path = HomePageViewController.swift; sourceTree = "<group>"; };
		63CC486B269DA96A00AE3DDB /* HomePageViewController+Design.swift */ = {isa = PBXFileReference; lastKnownFileType = sourcecode.swift; path = "HomePageViewController+Design.swift"; sourceTree = "<group>"; };
		63CC4875269DB82100AE3DDB /* UIColor+CustomColors.swift */ = {isa = PBXFileReference; lastKnownFileType = sourcecode.swift; path = "UIColor+CustomColors.swift"; sourceTree = "<group>"; };
		63CC4877269E397D00AE3DDB /* MovieCell.swift */ = {isa = PBXFileReference; lastKnownFileType = sourcecode.swift; path = MovieCell.swift; sourceTree = "<group>"; };
		63CC4879269E448200AE3DDB /* MovieCell+Design.swift */ = {isa = PBXFileReference; lastKnownFileType = sourcecode.swift; path = "MovieCell+Design.swift"; sourceTree = "<group>"; };
		63DAA5D2269C7E210004F235 /* MovieApp.app */ = {isa = PBXFileReference; explicitFileType = wrapper.application; includeInIndex = 0; path = MovieApp.app; sourceTree = BUILT_PRODUCTS_DIR; };
		63DAA5D5269C7E210004F235 /* AppDelegate.swift */ = {isa = PBXFileReference; lastKnownFileType = sourcecode.swift; path = AppDelegate.swift; sourceTree = "<group>"; };
		63DAA5D7269C7E210004F235 /* SceneDelegate.swift */ = {isa = PBXFileReference; lastKnownFileType = sourcecode.swift; path = SceneDelegate.swift; sourceTree = "<group>"; };
		63DAA5DF269C7E210004F235 /* MovieApp.xcdatamodel */ = {isa = PBXFileReference; lastKnownFileType = wrapper.xcdatamodel; path = MovieApp.xcdatamodel; sourceTree = "<group>"; };
		63DAA5E1269C7E240004F235 /* Assets.xcassets */ = {isa = PBXFileReference; lastKnownFileType = folder.assetcatalog; path = Assets.xcassets; sourceTree = "<group>"; };
		63DAA5E4269C7E240004F235 /* Base */ = {isa = PBXFileReference; lastKnownFileType = file.storyboard; name = Base; path = Base.lproj/LaunchScreen.storyboard; sourceTree = "<group>"; };
		63DAA5E6269C7E240004F235 /* Info.plist */ = {isa = PBXFileReference; lastKnownFileType = text.plist.xml; path = Info.plist; sourceTree = "<group>"; };
/* End PBXFileReference section */

/* Begin PBXFrameworksBuildPhase section */
		63DAA5CF269C7E210004F235 /* Frameworks */ = {
			isa = PBXFrameworksBuildPhase;
			buildActionMask = 2147483647;
			files = (
				63CC486F269DAB3400AE3DDB /* SnapKit in Frameworks */,
				63312C3326A05CDB004DB7B4 /* Alamofire in Frameworks */,
			);
			runOnlyForDeploymentPostprocessing = 0;
		};
/* End PBXFrameworksBuildPhase section */

/* Begin PBXGroup section */
		63312C3426A15758004DB7B4 /* NetworkClient */ = {
			isa = PBXGroup;
			children = (
				63312C3926A17409004DB7B4 /* NetworkClient.swift */,
				63312C3B26A1748A004DB7B4 /* NetworkClientProtocol.swift */,
			);
			path = NetworkClient;
			sourceTree = "<group>";
		};
		638BAF23269ED1EB00E8E75F /* Fonts */ = {
			isa = PBXGroup;
			children = (
				638BAF24269ED21A00E8E75F /* ProximaNova-Bold.otf */,
				638BAF25269ED21B00E8E75F /* ProximaNova-Medium.otf */,
				638BAF26269ED21B00E8E75F /* ProximaNova-Semibold.otf */,
			);
			path = Fonts;
			sourceTree = "<group>";
		};
		638BAF34269EE84000E8E75F /* ViewControllers */ = {
			isa = PBXGroup;
			children = (
				63CC4869269DA94D00AE3DDB /* HomePageViewController.swift */,
				63CC486B269DA96A00AE3DDB /* HomePageViewController+Design.swift */,
			);
			path = ViewControllers;
			sourceTree = "<group>";
		};
		638BAF35269EEFE400E8E75F /* Models */ = {
			isa = PBXGroup;
			children = (
				638BAF32269EE12F00E8E75F /* Movie.swift */,
				63312C3526A168E3004DB7B4 /* Genre.swift */,
				63312C3726A1711D004DB7B4 /* RequestError.swift */,
			);
			path = Models;
			sourceTree = "<group>";
		};
		638BAF36269EEFFB00E8E75F /* Presenters */ = {
			isa = PBXGroup;
			children = (
				638BAF2C269EDC9F00E8E75F /* HomePagePresenter.swift */,
			);
			path = Presenters;
			sourceTree = "<group>";
		};
		63DAA5C9269C7E210004F235 = {
			isa = PBXGroup;
			children = (
				63DAA5D4269C7E210004F235 /* MovieApp */,
				63DAA5D3269C7E210004F235 /* Products */,
			);
			sourceTree = "<group>";
		};
		63DAA5D3269C7E210004F235 /* Products */ = {
			isa = PBXGroup;
			children = (
				63DAA5D2269C7E210004F235 /* MovieApp.app */,
			);
			name = Products;
			sourceTree = "<group>";
		};
		63DAA5D4269C7E210004F235 /* MovieApp */ = {
			isa = PBXGroup;
			children = (
				63312C3426A15758004DB7B4 /* NetworkClient */,
				638BAF36269EEFFB00E8E75F /* Presenters */,
				638BAF35269EEFE400E8E75F /* Models */,
				638BAF34269EE84000E8E75F /* ViewControllers */,
				638BAF23269ED1EB00E8E75F /* Fonts */,
				63DAA5D5269C7E210004F235 /* AppDelegate.swift */,
				63DAA5D7269C7E210004F235 /* SceneDelegate.swift */,
				63DAA5E1269C7E240004F235 /* Assets.xcassets */,
				63DAA5E3269C7E240004F235 /* LaunchScreen.storyboard */,
				63DAA5E6269C7E240004F235 /* Info.plist */,
				63DAA5DE269C7E210004F235 /* MovieApp.xcdatamodeld */,
				63CC4867269DA89400AE3DDB /* DesignProtocol.swift */,
				63CC4875269DB82100AE3DDB /* UIColor+CustomColors.swift */,
				63CC4877269E397D00AE3DDB /* MovieCell.swift */,
				63CC4879269E448200AE3DDB /* MovieCell+Design.swift */,
				638BAF2A269ED40800E8E75F /* FontsConstants.swift */,
			);
			path = MovieApp;
			sourceTree = "<group>";
		};
/* End PBXGroup section */

/* Begin PBXNativeTarget section */
		63DAA5D1269C7E210004F235 /* MovieApp */ = {
			isa = PBXNativeTarget;
			buildConfigurationList = 63DAA5E9269C7E240004F235 /* Build configuration list for PBXNativeTarget "MovieApp" */;
			buildPhases = (
				63DAA5CE269C7E210004F235 /* Sources */,
				63DAA5CF269C7E210004F235 /* Frameworks */,
				63DAA5D0269C7E210004F235 /* Resources */,
			);
			buildRules = (
			);
			dependencies = (
			);
			name = MovieApp;
			packageProductDependencies = (
				63CC486E269DAB3400AE3DDB /* SnapKit */,
				63312C3226A05CDB004DB7B4 /* Alamofire */,
			);
			productName = MovieApp;
			productReference = 63DAA5D2269C7E210004F235 /* MovieApp.app */;
			productType = "com.apple.product-type.application";
		};
/* End PBXNativeTarget section */

/* Begin PBXProject section */
		63DAA5CA269C7E210004F235 /* Project object */ = {
			isa = PBXProject;
			attributes = {
				LastSwiftUpdateCheck = 1250;
				LastUpgradeCheck = 1250;
				TargetAttributes = {
					63DAA5D1269C7E210004F235 = {
						CreatedOnToolsVersion = 12.5;
					};
				};
			};
			buildConfigurationList = 63DAA5CD269C7E210004F235 /* Build configuration list for PBXProject "MovieApp" */;
			compatibilityVersion = "Xcode 9.3";
			developmentRegion = en;
			hasScannedForEncodings = 0;
			knownRegions = (
				en,
				Base,
			);
			mainGroup = 63DAA5C9269C7E210004F235;
			packageReferences = (
				63CC486D269DAB3400AE3DDB /* XCRemoteSwiftPackageReference "SnapKit" */,
				63312C3126A05CDB004DB7B4 /* XCRemoteSwiftPackageReference "Alamofire" */,
			);
			productRefGroup = 63DAA5D3269C7E210004F235 /* Products */;
			projectDirPath = "";
			projectRoot = "";
			targets = (
				63DAA5D1269C7E210004F235 /* MovieApp */,
			);
		};
/* End PBXProject section */

/* Begin PBXResourcesBuildPhase section */
		63DAA5D0269C7E210004F235 /* Resources */ = {
			isa = PBXResourcesBuildPhase;
			buildActionMask = 2147483647;
			files = (
				63DAA5E5269C7E240004F235 /* LaunchScreen.storyboard in Resources */,
				63DAA5E2269C7E240004F235 /* Assets.xcassets in Resources */,
				638BAF29269ED21B00E8E75F /* ProximaNova-Semibold.otf in Resources */,
				638BAF27269ED21B00E8E75F /* ProximaNova-Bold.otf in Resources */,
				638BAF28269ED21B00E8E75F /* ProximaNova-Medium.otf in Resources */,
			);
			runOnlyForDeploymentPostprocessing = 0;
		};
/* End PBXResourcesBuildPhase section */

/* Begin PBXSourcesBuildPhase section */
		63DAA5CE269C7E210004F235 /* Sources */ = {
			isa = PBXSourcesBuildPhase;
			buildActionMask = 2147483647;
			files = (
				638BAF33269EE12F00E8E75F /* Movie.swift in Sources */,
				63312C3C26A1748A004DB7B4 /* NetworkClientProtocol.swift in Sources */,
				63CC487A269E448200AE3DDB /* MovieCell+Design.swift in Sources */,
				63312C3A26A1740A004DB7B4 /* NetworkClient.swift in Sources */,
				638BAF2B269ED40800E8E75F /* FontsConstants.swift in Sources */,
				63DAA5D6269C7E210004F235 /* AppDelegate.swift in Sources */,
				63CC4878269E397D00AE3DDB /* MovieCell.swift in Sources */,
				63CC486A269DA94D00AE3DDB /* HomePageViewController.swift in Sources */,
				63CC486C269DA96A00AE3DDB /* HomePageViewController+Design.swift in Sources */,
				63DAA5E0269C7E210004F235 /* MovieApp.xcdatamodeld in Sources */,
				63CC4868269DA89400AE3DDB /* DesignProtocol.swift in Sources */,
				63312C3626A168E3004DB7B4 /* Genre.swift in Sources */,
				63DAA5D8269C7E210004F235 /* SceneDelegate.swift in Sources */,
				638BAF2D269EDC9F00E8E75F /* HomePagePresenter.swift in Sources */,
				63CC4876269DB82100AE3DDB /* UIColor+CustomColors.swift in Sources */,
				63312C3826A1711D004DB7B4 /* RequestError.swift in Sources */,
			);
			runOnlyForDeploymentPostprocessing = 0;
		};
/* End PBXSourcesBuildPhase section */

/* Begin PBXVariantGroup section */
		63DAA5E3269C7E240004F235 /* LaunchScreen.storyboard */ = {
			isa = PBXVariantGroup;
			children = (
				63DAA5E4269C7E240004F235 /* Base */,
			);
			name = LaunchScreen.storyboard;
			sourceTree = "<group>";
		};
/* End PBXVariantGroup section */

/* Begin XCBuildConfiguration section */
		63DAA5E7269C7E240004F235 /* Debug */ = {
			isa = XCBuildConfiguration;
			buildSettings = {
				ALWAYS_SEARCH_USER_PATHS = NO;
				CLANG_ANALYZER_NONNULL = YES;
				CLANG_ANALYZER_NUMBER_OBJECT_CONVERSION = YES_AGGRESSIVE;
				CLANG_CXX_LANGUAGE_STANDARD = "gnu++14";
				CLANG_CXX_LIBRARY = "libc++";
				CLANG_ENABLE_MODULES = YES;
				CLANG_ENABLE_OBJC_ARC = YES;
				CLANG_ENABLE_OBJC_WEAK = YES;
				CLANG_WARN_BLOCK_CAPTURE_AUTORELEASING = YES;
				CLANG_WARN_BOOL_CONVERSION = YES;
				CLANG_WARN_COMMA = YES;
				CLANG_WARN_CONSTANT_CONVERSION = YES;
				CLANG_WARN_DEPRECATED_OBJC_IMPLEMENTATIONS = YES;
				CLANG_WARN_DIRECT_OBJC_ISA_USAGE = YES_ERROR;
				CLANG_WARN_DOCUMENTATION_COMMENTS = YES;
				CLANG_WARN_EMPTY_BODY = YES;
				CLANG_WARN_ENUM_CONVERSION = YES;
				CLANG_WARN_INFINITE_RECURSION = YES;
				CLANG_WARN_INT_CONVERSION = YES;
				CLANG_WARN_NON_LITERAL_NULL_CONVERSION = YES;
				CLANG_WARN_OBJC_IMPLICIT_RETAIN_SELF = YES;
				CLANG_WARN_OBJC_LITERAL_CONVERSION = YES;
				CLANG_WARN_OBJC_ROOT_CLASS = YES_ERROR;
				CLANG_WARN_QUOTED_INCLUDE_IN_FRAMEWORK_HEADER = YES;
				CLANG_WARN_RANGE_LOOP_ANALYSIS = YES;
				CLANG_WARN_STRICT_PROTOTYPES = YES;
				CLANG_WARN_SUSPICIOUS_MOVE = YES;
				CLANG_WARN_UNGUARDED_AVAILABILITY = YES_AGGRESSIVE;
				CLANG_WARN_UNREACHABLE_CODE = YES;
				CLANG_WARN__DUPLICATE_METHOD_MATCH = YES;
				COPY_PHASE_STRIP = NO;
				DEBUG_INFORMATION_FORMAT = dwarf;
				ENABLE_STRICT_OBJC_MSGSEND = YES;
				ENABLE_TESTABILITY = YES;
				GCC_C_LANGUAGE_STANDARD = gnu11;
				GCC_DYNAMIC_NO_PIC = NO;
				GCC_NO_COMMON_BLOCKS = YES;
				GCC_OPTIMIZATION_LEVEL = 0;
				GCC_PREPROCESSOR_DEFINITIONS = (
					"DEBUG=1",
					"$(inherited)",
				);
				GCC_WARN_64_TO_32_BIT_CONVERSION = YES;
				GCC_WARN_ABOUT_RETURN_TYPE = YES_ERROR;
				GCC_WARN_UNDECLARED_SELECTOR = YES;
				GCC_WARN_UNINITIALIZED_AUTOS = YES_AGGRESSIVE;
				GCC_WARN_UNUSED_FUNCTION = YES;
				GCC_WARN_UNUSED_VARIABLE = YES;
				IPHONEOS_DEPLOYMENT_TARGET = 14.5;
				MTL_ENABLE_DEBUG_INFO = INCLUDE_SOURCE;
				MTL_FAST_MATH = YES;
				ONLY_ACTIVE_ARCH = YES;
				SDKROOT = iphoneos;
				SWIFT_ACTIVE_COMPILATION_CONDITIONS = DEBUG;
				SWIFT_OPTIMIZATION_LEVEL = "-Onone";
			};
			name = Debug;
		};
		63DAA5E8269C7E240004F235 /* Release */ = {
			isa = XCBuildConfiguration;
			buildSettings = {
				ALWAYS_SEARCH_USER_PATHS = NO;
				CLANG_ANALYZER_NONNULL = YES;
				CLANG_ANALYZER_NUMBER_OBJECT_CONVERSION = YES_AGGRESSIVE;
				CLANG_CXX_LANGUAGE_STANDARD = "gnu++14";
				CLANG_CXX_LIBRARY = "libc++";
				CLANG_ENABLE_MODULES = YES;
				CLANG_ENABLE_OBJC_ARC = YES;
				CLANG_ENABLE_OBJC_WEAK = YES;
				CLANG_WARN_BLOCK_CAPTURE_AUTORELEASING = YES;
				CLANG_WARN_BOOL_CONVERSION = YES;
				CLANG_WARN_COMMA = YES;
				CLANG_WARN_CONSTANT_CONVERSION = YES;
				CLANG_WARN_DEPRECATED_OBJC_IMPLEMENTATIONS = YES;
				CLANG_WARN_DIRECT_OBJC_ISA_USAGE = YES_ERROR;
				CLANG_WARN_DOCUMENTATION_COMMENTS = YES;
				CLANG_WARN_EMPTY_BODY = YES;
				CLANG_WARN_ENUM_CONVERSION = YES;
				CLANG_WARN_INFINITE_RECURSION = YES;
				CLANG_WARN_INT_CONVERSION = YES;
				CLANG_WARN_NON_LITERAL_NULL_CONVERSION = YES;
				CLANG_WARN_OBJC_IMPLICIT_RETAIN_SELF = YES;
				CLANG_WARN_OBJC_LITERAL_CONVERSION = YES;
				CLANG_WARN_OBJC_ROOT_CLASS = YES_ERROR;
				CLANG_WARN_QUOTED_INCLUDE_IN_FRAMEWORK_HEADER = YES;
				CLANG_WARN_RANGE_LOOP_ANALYSIS = YES;
				CLANG_WARN_STRICT_PROTOTYPES = YES;
				CLANG_WARN_SUSPICIOUS_MOVE = YES;
				CLANG_WARN_UNGUARDED_AVAILABILITY = YES_AGGRESSIVE;
				CLANG_WARN_UNREACHABLE_CODE = YES;
				CLANG_WARN__DUPLICATE_METHOD_MATCH = YES;
				COPY_PHASE_STRIP = NO;
				DEBUG_INFORMATION_FORMAT = "dwarf-with-dsym";
				ENABLE_NS_ASSERTIONS = NO;
				ENABLE_STRICT_OBJC_MSGSEND = YES;
				GCC_C_LANGUAGE_STANDARD = gnu11;
				GCC_NO_COMMON_BLOCKS = YES;
				GCC_WARN_64_TO_32_BIT_CONVERSION = YES;
				GCC_WARN_ABOUT_RETURN_TYPE = YES_ERROR;
				GCC_WARN_UNDECLARED_SELECTOR = YES;
				GCC_WARN_UNINITIALIZED_AUTOS = YES_AGGRESSIVE;
				GCC_WARN_UNUSED_FUNCTION = YES;
				GCC_WARN_UNUSED_VARIABLE = YES;
				IPHONEOS_DEPLOYMENT_TARGET = 14.5;
				MTL_ENABLE_DEBUG_INFO = NO;
				MTL_FAST_MATH = YES;
				SDKROOT = iphoneos;
				SWIFT_COMPILATION_MODE = wholemodule;
				SWIFT_OPTIMIZATION_LEVEL = "-O";
				VALIDATE_PRODUCT = YES;
			};
			name = Release;
		};
		63DAA5EA269C7E240004F235 /* Debug */ = {
			isa = XCBuildConfiguration;
			buildSettings = {
				ASSETCATALOG_COMPILER_APPICON_NAME = AppIcon;
				ASSETCATALOG_COMPILER_GLOBAL_ACCENT_COLOR_NAME = AccentColor;
				CODE_SIGN_STYLE = Automatic;
				DEVELOPMENT_TEAM = U9LSYL6BJC;
				INFOPLIST_FILE = MovieApp/Info.plist;
				LD_RUNPATH_SEARCH_PATHS = (
					"$(inherited)",
					"@executable_path/Frameworks",
				);
				PRODUCT_BUNDLE_IDENTIFIER = hr.five.Onboarding.MovieApp;
				PRODUCT_NAME = "$(TARGET_NAME)";
				SWIFT_VERSION = 5.0;
				TARGETED_DEVICE_FAMILY = "1,2";
			};
			name = Debug;
		};
		63DAA5EB269C7E240004F235 /* Release */ = {
			isa = XCBuildConfiguration;
			buildSettings = {
				ASSETCATALOG_COMPILER_APPICON_NAME = AppIcon;
				ASSETCATALOG_COMPILER_GLOBAL_ACCENT_COLOR_NAME = AccentColor;
				CODE_SIGN_STYLE = Automatic;
				DEVELOPMENT_TEAM = U9LSYL6BJC;
				INFOPLIST_FILE = MovieApp/Info.plist;
				LD_RUNPATH_SEARCH_PATHS = (
					"$(inherited)",
					"@executable_path/Frameworks",
				);
				PRODUCT_BUNDLE_IDENTIFIER = hr.five.Onboarding.MovieApp;
				PRODUCT_NAME = "$(TARGET_NAME)";
				SWIFT_VERSION = 5.0;
				TARGETED_DEVICE_FAMILY = "1,2";
			};
			name = Release;
		};
/* End XCBuildConfiguration section */

/* Begin XCConfigurationList section */
		63DAA5CD269C7E210004F235 /* Build configuration list for PBXProject "MovieApp" */ = {
			isa = XCConfigurationList;
			buildConfigurations = (
				63DAA5E7269C7E240004F235 /* Debug */,
				63DAA5E8269C7E240004F235 /* Release */,
			);
			defaultConfigurationIsVisible = 0;
			defaultConfigurationName = Release;
		};
		63DAA5E9269C7E240004F235 /* Build configuration list for PBXNativeTarget "MovieApp" */ = {
			isa = XCConfigurationList;
			buildConfigurations = (
				63DAA5EA269C7E240004F235 /* Debug */,
				63DAA5EB269C7E240004F235 /* Release */,
			);
			defaultConfigurationIsVisible = 0;
			defaultConfigurationName = Release;
		};
/* End XCConfigurationList section */

/* Begin XCRemoteSwiftPackageReference section */
		63312C3126A05CDB004DB7B4 /* XCRemoteSwiftPackageReference "Alamofire" */ = {
			isa = XCRemoteSwiftPackageReference;
			repositoryURL = "https://github.com/Alamofire/Alamofire.git";
			requirement = {
				kind = upToNextMinorVersion;
				minimumVersion = 5.4.3;
			};
		};
		63CC486D269DAB3400AE3DDB /* XCRemoteSwiftPackageReference "SnapKit" */ = {
			isa = XCRemoteSwiftPackageReference;
			repositoryURL = "https://github.com/SnapKit/SnapKit.git";
			requirement = {
				kind = upToNextMinorVersion;
				minimumVersion = 5.0.1;
			};
		};
/* End XCRemoteSwiftPackageReference section */

/* Begin XCSwiftPackageProductDependency section */
		63312C3226A05CDB004DB7B4 /* Alamofire */ = {
			isa = XCSwiftPackageProductDependency;
			package = 63312C3126A05CDB004DB7B4 /* XCRemoteSwiftPackageReference "Alamofire" */;
			productName = Alamofire;
		};
		63CC486E269DAB3400AE3DDB /* SnapKit */ = {
			isa = XCSwiftPackageProductDependency;
			package = 63CC486D269DAB3400AE3DDB /* XCRemoteSwiftPackageReference "SnapKit" */;
			productName = SnapKit;
		};
/* End XCSwiftPackageProductDependency section */

/* Begin XCVersionGroup section */
		63DAA5DE269C7E210004F235 /* MovieApp.xcdatamodeld */ = {
			isa = XCVersionGroup;
			children = (
				63DAA5DF269C7E210004F235 /* MovieApp.xcdatamodel */,
			);
			currentVersion = 63DAA5DF269C7E210004F235 /* MovieApp.xcdatamodel */;
			path = MovieApp.xcdatamodeld;
			sourceTree = "<group>";
			versionGroupType = wrapper.xcdatamodel;
		};
/* End XCVersionGroup section */
	};
	rootObject = 63DAA5CA269C7E210004F235 /* Project object */;
}
