// !$*UTF8*$!
{
	archiveVersion = 1;
	classes = {
	};
	objectVersion = 52;
	objects = {

/* Begin PBXBuildFile section */
		63312C3326A05CDB004DB7B4 /* Alamofire in Frameworks */ = {isa = PBXBuildFile; productRef = 63312C3226A05CDB004DB7B4 /* Alamofire */; };
		63312C3626A168E3004DB7B4 /* Genre.swift in Sources */ = {isa = PBXBuildFile; fileRef = 63312C3526A168E3004DB7B4 /* Genre.swift */; };
		63312C3826A1711D004DB7B4 /* RequestError.swift in Sources */ = {isa = PBXBuildFile; fileRef = 63312C3726A1711D004DB7B4 /* RequestError.swift */; };
		63312C3A26A1740A004DB7B4 /* MovieClient.swift in Sources */ = {isa = PBXBuildFile; fileRef = 63312C3926A17409004DB7B4 /* MovieClient.swift */; };
		63312C3C26A1748A004DB7B4 /* MovieClientProtocol.swift in Sources */ = {isa = PBXBuildFile; fileRef = 63312C3B26A1748A004DB7B4 /* MovieClientProtocol.swift */; };
		633E7E5126A592C50091322D /* MoviesDataRepository.swift in Sources */ = {isa = PBXBuildFile; fileRef = 633E7E5026A592C50091322D /* MoviesDataRepository.swift */; };
		633E7E5326A592DB0091322D /* MoviesDataRepositoryProtocol.swift in Sources */ = {isa = PBXBuildFile; fileRef = 633E7E5226A592DB0091322D /* MoviesDataRepositoryProtocol.swift */; };
		633E7E5526A598B00091322D /* MoviesUseCase.swift in Sources */ = {isa = PBXBuildFile; fileRef = 633E7E5426A598B00091322D /* MoviesUseCase.swift */; };
		633E7E5726A598C00091322D /* MoviesUseCaseProtocol.swift in Sources */ = {isa = PBXBuildFile; fileRef = 633E7E5626A598C00091322D /* MoviesUseCaseProtocol.swift */; };
		633E7E5A26A5A9A40091322D /* HomePageDelegate.swift in Sources */ = {isa = PBXBuildFile; fileRef = 633E7E5926A5A9A40091322D /* HomePageDelegate.swift */; };
		633E7E5C26A5AFB40091322D /* HomePagePresenterProtocol.swift in Sources */ = {isa = PBXBuildFile; fileRef = 633E7E5B26A5AFB40091322D /* HomePagePresenterProtocol.swift */; };
		633E7E5E26A5C36D0091322D /* MovieNetworkDataSource.swift in Sources */ = {isa = PBXBuildFile; fileRef = 633E7E5D26A5C36D0091322D /* MovieNetworkDataSource.swift */; };
		633E7E6026A5C3A90091322D /* MovieNetworkDataSourceProtocol.swift in Sources */ = {isa = PBXBuildFile; fileRef = 633E7E5F26A5C3A90091322D /* MovieNetworkDataSourceProtocol.swift */; };
		633E7E6226A69D980091322D /* AppRouterProtocol.swift in Sources */ = {isa = PBXBuildFile; fileRef = 633E7E6126A69D980091322D /* AppRouterProtocol.swift */; };
		633E7E6426A6A3970091322D /* MovieNetworkDataSourceModel.swift in Sources */ = {isa = PBXBuildFile; fileRef = 633E7E6326A6A3970091322D /* MovieNetworkDataSourceModel.swift */; };
		633E7E6626A6A55F0091322D /* MovieDataRepositoryModel.swift in Sources */ = {isa = PBXBuildFile; fileRef = 633E7E6526A6A55F0091322D /* MovieDataRepositoryModel.swift */; };
		633E7E6826A6A7520091322D /* MovieUseCaseModel.swift in Sources */ = {isa = PBXBuildFile; fileRef = 633E7E6726A6A7520091322D /* MovieUseCaseModel.swift */; };
		633E7E8026A6BD580091322D /* HomePageTwoViewController.swift in Sources */ = {isa = PBXBuildFile; fileRef = 633E7E7F26A6BD580091322D /* HomePageTwoViewController.swift */; };
		633E7E8226A6BD9E0091322D /* FavouritesViewController.swift in Sources */ = {isa = PBXBuildFile; fileRef = 633E7E8126A6BD9E0091322D /* FavouritesViewController.swift */; };
		633E7E8426A6BF190091322D /* ImageEnum.swift in Sources */ = {isa = PBXBuildFile; fileRef = 633E7E8326A6BF190091322D /* ImageEnum.swift */; };
		633E7E8626A6DCBF0091322D /* UITabBarController+styleMovieTabBar.swift in Sources */ = {isa = PBXBuildFile; fileRef = 633E7E8526A6DCBF0091322D /* UITabBarController+styleMovieTabBar.swift */; };
		633E7E8A26A70C090091322D /* HomePageTwoViewController+Design.swift in Sources */ = {isa = PBXBuildFile; fileRef = 633E7E8926A70C090091322D /* HomePageTwoViewController+Design.swift */; };
		633E7E8C26A710ED0091322D /* MovieAppNavigationView.swift in Sources */ = {isa = PBXBuildFile; fileRef = 633E7E8B26A710ED0091322D /* MovieAppNavigationView.swift */; };
		633E7E8E26A7F15E0091322D /* MovieAppNavigationView+Design.swift in Sources */ = {isa = PBXBuildFile; fileRef = 633E7E8D26A7F15E0091322D /* MovieAppNavigationView+Design.swift */; };
		638BAF27269ED21B00E8E75F /* ProximaNova-Bold.otf in Resources */ = {isa = PBXBuildFile; fileRef = 638BAF24269ED21A00E8E75F /* ProximaNova-Bold.otf */; };
		638BAF28269ED21B00E8E75F /* ProximaNova-Medium.otf in Resources */ = {isa = PBXBuildFile; fileRef = 638BAF25269ED21B00E8E75F /* ProximaNova-Medium.otf */; };
		638BAF29269ED21B00E8E75F /* ProximaNova-Semibold.otf in Resources */ = {isa = PBXBuildFile; fileRef = 638BAF26269ED21B00E8E75F /* ProximaNova-Semibold.otf */; };
		638BAF2B269ED40800E8E75F /* FontsConstants.swift in Sources */ = {isa = PBXBuildFile; fileRef = 638BAF2A269ED40800E8E75F /* FontsConstants.swift */; };
		638BAF2D269EDC9F00E8E75F /* HomePagePresenter.swift in Sources */ = {isa = PBXBuildFile; fileRef = 638BAF2C269EDC9F00E8E75F /* HomePagePresenter.swift */; };
		638BAF33269EE12F00E8E75F /* MovieNetworkModel.swift in Sources */ = {isa = PBXBuildFile; fileRef = 638BAF32269EE12F00E8E75F /* MovieNetworkModel.swift */; };
		63BD081026A1C30900AF366A /* NetworkClient.swift in Sources */ = {isa = PBXBuildFile; fileRef = 63BD080F26A1C30900AF366A /* NetworkClient.swift */; };
		63BD081226A1C31700AF366A /* NetworkClientProtocol.swift in Sources */ = {isa = PBXBuildFile; fileRef = 63BD081126A1C31700AF366A /* NetworkClientProtocol.swift */; };
		63BD081526A4A52B00AF366A /* Kingfisher in Frameworks */ = {isa = PBXBuildFile; productRef = 63BD081426A4A52B00AF366A /* Kingfisher */; };
		63BD081726A4AFA500AF366A /* MovieViewModel.swift in Sources */ = {isa = PBXBuildFile; fileRef = 63BD081626A4AFA500AF366A /* MovieViewModel.swift */; };
		63BD081926A54B3D00AF366A /* AppRouter.swift in Sources */ = {isa = PBXBuildFile; fileRef = 63BD081826A54B3D00AF366A /* AppRouter.swift */; };
		63BD081B26A54CE900AF366A /* MovieDetailViewController.swift in Sources */ = {isa = PBXBuildFile; fileRef = 63BD081A26A54CE900AF366A /* MovieDetailViewController.swift */; };
		63BD081D26A5677C00AF366A /* RequestError+localizedDescription.swift in Sources */ = {isa = PBXBuildFile; fileRef = 63BD081C26A5677C00AF366A /* RequestError+localizedDescription.swift */; };
		63CC4868269DA89400AE3DDB /* DesignProtocol.swift in Sources */ = {isa = PBXBuildFile; fileRef = 63CC4867269DA89400AE3DDB /* DesignProtocol.swift */; };
		63CC486A269DA94D00AE3DDB /* HomePageViewController.swift in Sources */ = {isa = PBXBuildFile; fileRef = 63CC4869269DA94D00AE3DDB /* HomePageViewController.swift */; };
		63CC486C269DA96A00AE3DDB /* HomePageViewController+Design.swift in Sources */ = {isa = PBXBuildFile; fileRef = 63CC486B269DA96A00AE3DDB /* HomePageViewController+Design.swift */; };
		63CC486F269DAB3400AE3DDB /* SnapKit in Frameworks */ = {isa = PBXBuildFile; productRef = 63CC486E269DAB3400AE3DDB /* SnapKit */; };
		63CC4876269DB82100AE3DDB /* UIColor+CustomColors.swift in Sources */ = {isa = PBXBuildFile; fileRef = 63CC4875269DB82100AE3DDB /* UIColor+CustomColors.swift */; };
		63CC4878269E397D00AE3DDB /* MovieCell.swift in Sources */ = {isa = PBXBuildFile; fileRef = 63CC4877269E397D00AE3DDB /* MovieCell.swift */; };
		63CC487A269E448200AE3DDB /* MovieCell+Design.swift in Sources */ = {isa = PBXBuildFile; fileRef = 63CC4879269E448200AE3DDB /* MovieCell+Design.swift */; };
		63DAA5D6269C7E210004F235 /* AppDelegate.swift in Sources */ = {isa = PBXBuildFile; fileRef = 63DAA5D5269C7E210004F235 /* AppDelegate.swift */; };
		63DAA5D8269C7E210004F235 /* SceneDelegate.swift in Sources */ = {isa = PBXBuildFile; fileRef = 63DAA5D7269C7E210004F235 /* SceneDelegate.swift */; };
		63DAA5E0269C7E210004F235 /* MovieApp.xcdatamodeld in Sources */ = {isa = PBXBuildFile; fileRef = 63DAA5DE269C7E210004F235 /* MovieApp.xcdatamodeld */; };
		63DAA5E2269C7E240004F235 /* Assets.xcassets in Resources */ = {isa = PBXBuildFile; fileRef = 63DAA5E1269C7E240004F235 /* Assets.xcassets */; };
/* End PBXBuildFile section */

/* Begin PBXFileReference section */
		63312C3526A168E3004DB7B4 /* Genre.swift */ = {isa = PBXFileReference; lastKnownFileType = sourcecode.swift; path = Genre.swift; sourceTree = "<group>"; };
		63312C3726A1711D004DB7B4 /* RequestError.swift */ = {isa = PBXFileReference; lastKnownFileType = sourcecode.swift; path = RequestError.swift; sourceTree = "<group>"; };
		63312C3926A17409004DB7B4 /* MovieClient.swift */ = {isa = PBXFileReference; lastKnownFileType = sourcecode.swift; path = MovieClient.swift; sourceTree = "<group>"; };
		63312C3B26A1748A004DB7B4 /* MovieClientProtocol.swift */ = {isa = PBXFileReference; lastKnownFileType = sourcecode.swift; path = MovieClientProtocol.swift; sourceTree = "<group>"; };
		633E7E5026A592C50091322D /* MoviesDataRepository.swift */ = {isa = PBXFileReference; lastKnownFileType = sourcecode.swift; path = MoviesDataRepository.swift; sourceTree = "<group>"; };
		633E7E5226A592DB0091322D /* MoviesDataRepositoryProtocol.swift */ = {isa = PBXFileReference; lastKnownFileType = sourcecode.swift; path = MoviesDataRepositoryProtocol.swift; sourceTree = "<group>"; };
		633E7E5426A598B00091322D /* MoviesUseCase.swift */ = {isa = PBXFileReference; lastKnownFileType = sourcecode.swift; path = MoviesUseCase.swift; sourceTree = "<group>"; };
		633E7E5626A598C00091322D /* MoviesUseCaseProtocol.swift */ = {isa = PBXFileReference; lastKnownFileType = sourcecode.swift; path = MoviesUseCaseProtocol.swift; sourceTree = "<group>"; };
		633E7E5926A5A9A40091322D /* HomePageDelegate.swift */ = {isa = PBXFileReference; lastKnownFileType = sourcecode.swift; path = HomePageDelegate.swift; sourceTree = "<group>"; };
		633E7E5B26A5AFB40091322D /* HomePagePresenterProtocol.swift */ = {isa = PBXFileReference; lastKnownFileType = sourcecode.swift; path = HomePagePresenterProtocol.swift; sourceTree = "<group>"; };
		633E7E5D26A5C36D0091322D /* MovieNetworkDataSource.swift */ = {isa = PBXFileReference; lastKnownFileType = sourcecode.swift; path = MovieNetworkDataSource.swift; sourceTree = "<group>"; };
		633E7E5F26A5C3A90091322D /* MovieNetworkDataSourceProtocol.swift */ = {isa = PBXFileReference; lastKnownFileType = sourcecode.swift; path = MovieNetworkDataSourceProtocol.swift; sourceTree = "<group>"; };
		633E7E6126A69D980091322D /* AppRouterProtocol.swift */ = {isa = PBXFileReference; lastKnownFileType = sourcecode.swift; path = AppRouterProtocol.swift; sourceTree = "<group>"; };
		633E7E6326A6A3970091322D /* MovieNetworkDataSourceModel.swift */ = {isa = PBXFileReference; lastKnownFileType = sourcecode.swift; path = MovieNetworkDataSourceModel.swift; sourceTree = "<group>"; };
		633E7E6526A6A55F0091322D /* MovieDataRepositoryModel.swift */ = {isa = PBXFileReference; lastKnownFileType = sourcecode.swift; path = MovieDataRepositoryModel.swift; sourceTree = "<group>"; };
		633E7E6726A6A7520091322D /* MovieUseCaseModel.swift */ = {isa = PBXFileReference; lastKnownFileType = sourcecode.swift; path = MovieUseCaseModel.swift; sourceTree = "<group>"; };
		633E7E7F26A6BD580091322D /* HomePageTwoViewController.swift */ = {isa = PBXFileReference; lastKnownFileType = sourcecode.swift; path = HomePageTwoViewController.swift; sourceTree = "<group>"; };
		633E7E8126A6BD9E0091322D /* FavouritesViewController.swift */ = {isa = PBXFileReference; lastKnownFileType = sourcecode.swift; path = FavouritesViewController.swift; sourceTree = "<group>"; };
		633E7E8326A6BF190091322D /* ImageEnum.swift */ = {isa = PBXFileReference; lastKnownFileType = sourcecode.swift; path = ImageEnum.swift; sourceTree = "<group>"; };
		633E7E8526A6DCBF0091322D /* UITabBarController+styleMovieTabBar.swift */ = {isa = PBXFileReference; lastKnownFileType = sourcecode.swift; path = "UITabBarController+styleMovieTabBar.swift"; sourceTree = "<group>"; };
		633E7E8926A70C090091322D /* HomePageTwoViewController+Design.swift */ = {isa = PBXFileReference; lastKnownFileType = sourcecode.swift; path = "HomePageTwoViewController+Design.swift"; sourceTree = "<group>"; };
		633E7E8B26A710ED0091322D /* MovieAppNavigationView.swift */ = {isa = PBXFileReference; lastKnownFileType = sourcecode.swift; path = MovieAppNavigationView.swift; sourceTree = "<group>"; };
		633E7E8D26A7F15E0091322D /* MovieAppNavigationView+Design.swift */ = {isa = PBXFileReference; lastKnownFileType = sourcecode.swift; path = "MovieAppNavigationView+Design.swift"; sourceTree = "<group>"; };
		638BAF24269ED21A00E8E75F /* ProximaNova-Bold.otf */ = {isa = PBXFileReference; lastKnownFileType = file; path = "ProximaNova-Bold.otf"; sourceTree = "<group>"; };
		638BAF25269ED21B00E8E75F /* ProximaNova-Medium.otf */ = {isa = PBXFileReference; lastKnownFileType = file; path = "ProximaNova-Medium.otf"; sourceTree = "<group>"; };
		638BAF26269ED21B00E8E75F /* ProximaNova-Semibold.otf */ = {isa = PBXFileReference; lastKnownFileType = file; path = "ProximaNova-Semibold.otf"; sourceTree = "<group>"; };
		638BAF2A269ED40800E8E75F /* FontsConstants.swift */ = {isa = PBXFileReference; lastKnownFileType = sourcecode.swift; path = FontsConstants.swift; sourceTree = "<group>"; };
		638BAF2C269EDC9F00E8E75F /* HomePagePresenter.swift */ = {isa = PBXFileReference; lastKnownFileType = sourcecode.swift; path = HomePagePresenter.swift; sourceTree = "<group>"; };
		638BAF32269EE12F00E8E75F /* MovieNetworkModel.swift */ = {isa = PBXFileReference; lastKnownFileType = sourcecode.swift; path = MovieNetworkModel.swift; sourceTree = "<group>"; };
		63BD080F26A1C30900AF366A /* NetworkClient.swift */ = {isa = PBXFileReference; lastKnownFileType = sourcecode.swift; path = NetworkClient.swift; sourceTree = "<group>"; };
		63BD081126A1C31700AF366A /* NetworkClientProtocol.swift */ = {isa = PBXFileReference; lastKnownFileType = sourcecode.swift; path = NetworkClientProtocol.swift; sourceTree = "<group>"; };
		63BD081626A4AFA500AF366A /* MovieViewModel.swift */ = {isa = PBXFileReference; lastKnownFileType = sourcecode.swift; path = MovieViewModel.swift; sourceTree = "<group>"; };
		63BD081826A54B3D00AF366A /* AppRouter.swift */ = {isa = PBXFileReference; lastKnownFileType = sourcecode.swift; path = AppRouter.swift; sourceTree = "<group>"; };
		63BD081A26A54CE900AF366A /* MovieDetailViewController.swift */ = {isa = PBXFileReference; lastKnownFileType = sourcecode.swift; path = MovieDetailViewController.swift; sourceTree = "<group>"; };
		63BD081C26A5677C00AF366A /* RequestError+localizedDescription.swift */ = {isa = PBXFileReference; lastKnownFileType = sourcecode.swift; path = "RequestError+localizedDescription.swift"; sourceTree = "<group>"; };
		63CC4867269DA89400AE3DDB /* DesignProtocol.swift */ = {isa = PBXFileReference; lastKnownFileType = sourcecode.swift; path = DesignProtocol.swift; sourceTree = "<group>"; };
		63CC4869269DA94D00AE3DDB /* HomePageViewController.swift */ = {isa = PBXFileReference; lastKnownFileType = sourcecode.swift; path = HomePageViewController.swift; sourceTree = "<group>"; };
		63CC486B269DA96A00AE3DDB /* HomePageViewController+Design.swift */ = {isa = PBXFileReference; lastKnownFileType = sourcecode.swift; path = "HomePageViewController+Design.swift"; sourceTree = "<group>"; };
		63CC4875269DB82100AE3DDB /* UIColor+CustomColors.swift */ = {isa = PBXFileReference; lastKnownFileType = sourcecode.swift; path = "UIColor+CustomColors.swift"; sourceTree = "<group>"; };
		63CC4877269E397D00AE3DDB /* MovieCell.swift */ = {isa = PBXFileReference; lastKnownFileType = sourcecode.swift; path = MovieCell.swift; sourceTree = "<group>"; };
		63CC4879269E448200AE3DDB /* MovieCell+Design.swift */ = {isa = PBXFileReference; lastKnownFileType = sourcecode.swift; path = "MovieCell+Design.swift"; sourceTree = "<group>"; };
		63DAA5D2269C7E210004F235 /* MovieApp.app */ = {isa = PBXFileReference; explicitFileType = wrapper.application; includeInIndex = 0; path = MovieApp.app; sourceTree = BUILT_PRODUCTS_DIR; };
		63DAA5D5269C7E210004F235 /* AppDelegate.swift */ = {isa = PBXFileReference; lastKnownFileType = sourcecode.swift; path = AppDelegate.swift; sourceTree = "<group>"; };
		63DAA5D7269C7E210004F235 /* SceneDelegate.swift */ = {isa = PBXFileReference; lastKnownFileType = sourcecode.swift; path = SceneDelegate.swift; sourceTree = "<group>"; };
		63DAA5DF269C7E210004F235 /* MovieApp.xcdatamodel */ = {isa = PBXFileReference; lastKnownFileType = wrapper.xcdatamodel; path = MovieApp.xcdatamodel; sourceTree = "<group>"; };
		63DAA5E1269C7E240004F235 /* Assets.xcassets */ = {isa = PBXFileReference; lastKnownFileType = folder.assetcatalog; path = Assets.xcassets; sourceTree = "<group>"; };
		63DAA5E6269C7E240004F235 /* Info.plist */ = {isa = PBXFileReference; lastKnownFileType = text.plist.xml; path = Info.plist; sourceTree = "<group>"; };
/* End PBXFileReference section */

/* Begin PBXFrameworksBuildPhase section */
		63DAA5CF269C7E210004F235 /* Frameworks */ = {
			isa = PBXFrameworksBuildPhase;
			buildActionMask = 2147483647;
			files = (
				63BD081526A4A52B00AF366A /* Kingfisher in Frameworks */,
				63CC486F269DAB3400AE3DDB /* SnapKit in Frameworks */,
				63312C3326A05CDB004DB7B4 /* Alamofire in Frameworks */,
			);
			runOnlyForDeploymentPostprocessing = 0;
		};
/* End PBXFrameworksBuildPhase section */

/* Begin PBXGroup section */
		633E7E6926A6B4400091322D /* App */ = {
			isa = PBXGroup;
			children = (
				63DAA5D5269C7E210004F235 /* AppDelegate.swift */,
				63DAA5D7269C7E210004F235 /* SceneDelegate.swift */,
				633E7E6A26A6B46B0091322D /* Coordinator */,
				633E7E6C26A6B4810091322D /* Core */,
				633E7E6D26A6B48A0091322D /* CoreUI */,
				633E7E7726A6B9470091322D /* DataRepository */,
				633E7E6E26A6B4930091322D /* Features */,
				633E7E7826A6B95C0091322D /* NetworkDataSource */,
				633E7E6B26A6B4750091322D /* Networking */,
				633E7E7626A6B9350091322D /* UseCase */,
			);
			path = App;
			sourceTree = "<group>";
		};
		633E7E6A26A6B46B0091322D /* Coordinator */ = {
			isa = PBXGroup;
			children = (
				63BD081826A54B3D00AF366A /* AppRouter.swift */,
				633E7E6126A69D980091322D /* AppRouterProtocol.swift */,
			);
			path = Coordinator;
			sourceTree = "<group>";
		};
		633E7E6B26A6B4750091322D /* Networking */ = {
			isa = PBXGroup;
			children = (
				63BD080F26A1C30900AF366A /* NetworkClient.swift */,
				63BD081126A1C31700AF366A /* NetworkClientProtocol.swift */,
				63312C3726A1711D004DB7B4 /* RequestError.swift */,
				63BD081C26A5677C00AF366A /* RequestError+localizedDescription.swift */,
			);
			path = Networking;
			sourceTree = "<group>";
		};
		633E7E6C26A6B4810091322D /* Core */ = {
			isa = PBXGroup;
			children = (
				63CC4867269DA89400AE3DDB /* DesignProtocol.swift */,
				638BAF2A269ED40800E8E75F /* FontsConstants.swift */,
			);
			path = Core;
			sourceTree = "<group>";
		};
		633E7E6D26A6B48A0091322D /* CoreUI */ = {
			isa = PBXGroup;
			children = (
				633E7E8326A6BF190091322D /* ImageEnum.swift */,
				633E7E6F26A6B52C0091322D /* Extensions */,
				638BAF23269ED1EB00E8E75F /* Fonts */,
			);
			path = CoreUI;
			sourceTree = "<group>";
		};
		633E7E6E26A6B4930091322D /* Features */ = {
			isa = PBXGroup;
			children = (
				633E7E7026A6B5A70091322D /* MovieBrowser */,
			);
			path = Features;
			sourceTree = "<group>";
		};
		633E7E6F26A6B52C0091322D /* Extensions */ = {
			isa = PBXGroup;
			children = (
				63CC4875269DB82100AE3DDB /* UIColor+CustomColors.swift */,
				633E7E8526A6DCBF0091322D /* UITabBarController+styleMovieTabBar.swift */,
			);
			path = Extensions;
			sourceTree = "<group>";
		};
		633E7E7026A6B5A70091322D /* MovieBrowser */ = {
			isa = PBXGroup;
			children = (
				633E7E7226A6B5CF0091322D /* Components */,
				633E7E7126A6B5C10091322D /* MoviesViewController */,
				633E7E7326A6B7940091322D /* NetworkClient */,
			);
			path = MovieBrowser;
			sourceTree = "<group>";
		};
		633E7E7126A6B5C10091322D /* MoviesViewController */ = {
			isa = PBXGroup;
			children = (
				633E7E7E26A6BD300091322D /* Favourites */,
				633E7E7D26A6BD270091322D /* HomePage2 */,
				633E7E7C26A6BD030091322D /* HomePage1 */,
				633E7E7426A6B7BB0091322D /* ViewModels */,
			);
			path = MoviesViewController;
			sourceTree = "<group>";
		};
		633E7E7226A6B5CF0091322D /* Components */ = {
			isa = PBXGroup;
			children = (
				633E7E8B26A710ED0091322D /* MovieAppNavigationView.swift */,
				63CC4877269E397D00AE3DDB /* MovieCell.swift */,
				63CC4879269E448200AE3DDB /* MovieCell+Design.swift */,
				633E7E8D26A7F15E0091322D /* MovieAppNavigationView+Design.swift */,
			);
			path = Components;
			sourceTree = "<group>";
		};
		633E7E7326A6B7940091322D /* NetworkClient */ = {
			isa = PBXGroup;
			children = (
				63312C3926A17409004DB7B4 /* MovieClient.swift */,
				63312C3B26A1748A004DB7B4 /* MovieClientProtocol.swift */,
				633E7E7526A6B8590091322D /* Model */,
			);
			path = Networking;
			sourceTree = "<group>";
		};
		633E7E7426A6B7BB0091322D /* ViewModels */ = {
			isa = PBXGroup;
			children = (
				63BD081626A4AFA500AF366A /* MovieViewModel.swift */,
			);
			path = ViewModels;
			sourceTree = "<group>";
		};
		633E7E7526A6B8590091322D /* Model */ = {
			isa = PBXGroup;
			children = (
				638BAF32269EE12F00E8E75F /* MovieNetworkModel.swift */,
			);
			path = Model;
			sourceTree = "<group>";
		};
		633E7E7626A6B9350091322D /* UseCase */ = {
			isa = PBXGroup;
			children = (
				633E7E5426A598B00091322D /* MoviesUseCase.swift */,
				633E7E5626A598C00091322D /* MoviesUseCaseProtocol.swift */,
				633E7E7B26A6BADE0091322D /* Model */,
			);
			path = UseCase;
			sourceTree = "<group>";
		};
		633E7E7726A6B9470091322D /* DataRepository */ = {
			isa = PBXGroup;
			children = (
				633E7E5026A592C50091322D /* MoviesDataRepository.swift */,
				633E7E5226A592DB0091322D /* MoviesDataRepositoryProtocol.swift */,
				633E7E7A26A6BACE0091322D /* Model */,
			);
			path = DataRepository;
			sourceTree = "<group>";
		};
		633E7E7826A6B95C0091322D /* NetworkDataSource */ = {
			isa = PBXGroup;
			children = (
				633E7E5D26A5C36D0091322D /* MovieNetworkDataSource.swift */,
				633E7E5F26A5C3A90091322D /* MovieNetworkDataSourceProtocol.swift */,
				633E7E7926A6BAC10091322D /* Model */,
			);
			path = NetworkDataSource;
			sourceTree = "<group>";
		};
		633E7E7926A6BAC10091322D /* Model */ = {
			isa = PBXGroup;
			children = (
				633E7E6326A6A3970091322D /* MovieNetworkDataSourceModel.swift */,
			);
			path = Model;
			sourceTree = "<group>";
		};
		633E7E7A26A6BACE0091322D /* Model */ = {
			isa = PBXGroup;
			children = (
				633E7E6526A6A55F0091322D /* MovieDataRepositoryModel.swift */,
			);
			path = Model;
			sourceTree = "<group>";
		};
		633E7E7B26A6BADE0091322D /* Model */ = {
			isa = PBXGroup;
			children = (
				633E7E6726A6A7520091322D /* MovieUseCaseModel.swift */,
			);
			path = Model;
			sourceTree = "<group>";
		};
		633E7E7C26A6BD030091322D /* HomePage1 */ = {
			isa = PBXGroup;
			children = (
				63CC4869269DA94D00AE3DDB /* HomePageViewController.swift */,
				63CC486B269DA96A00AE3DDB /* HomePageViewController+Design.swift */,
				63BD081A26A54CE900AF366A /* MovieDetailViewController.swift */,
				638BAF2C269EDC9F00E8E75F /* HomePagePresenter.swift */,
				633E7E5B26A5AFB40091322D /* HomePagePresenterProtocol.swift */,
				633E7E5926A5A9A40091322D /* HomePageDelegate.swift */,
			);
			path = HomePage1;
			sourceTree = "<group>";
		};
		633E7E7D26A6BD270091322D /* HomePage2 */ = {
			isa = PBXGroup;
			children = (
				633E7E7F26A6BD580091322D /* HomePageTwoViewController.swift */,
				633E7E8926A70C090091322D /* HomePageTwoViewController+Design.swift */,
			);
			path = HomePage2;
			sourceTree = "<group>";
		};
		633E7E7E26A6BD300091322D /* Favourites */ = {
			isa = PBXGroup;
			children = (
				633E7E8126A6BD9E0091322D /* FavouritesViewController.swift */,
			);
			path = Favourites;
			sourceTree = "<group>";
		};
		638BAF23269ED1EB00E8E75F /* Fonts */ = {
			isa = PBXGroup;
			children = (
				638BAF24269ED21A00E8E75F /* ProximaNova-Bold.otf */,
				638BAF25269ED21B00E8E75F /* ProximaNova-Medium.otf */,
				638BAF26269ED21B00E8E75F /* ProximaNova-Semibold.otf */,
			);
			path = Fonts;
			sourceTree = "<group>";
		};
		63DAA5C9269C7E210004F235 = {
			isa = PBXGroup;
			children = (
				63DAA5D4269C7E210004F235 /* MovieApp */,
				63DAA5D3269C7E210004F235 /* Products */,
			);
			sourceTree = "<group>";
		};
		63DAA5D3269C7E210004F235 /* Products */ = {
			isa = PBXGroup;
			children = (
				63DAA5D2269C7E210004F235 /* MovieApp.app */,
			);
			name = Products;
			sourceTree = "<group>";
		};
		63DAA5D4269C7E210004F235 /* MovieApp */ = {
			isa = PBXGroup;
			children = (
				633E7E6926A6B4400091322D /* App */,
				63DAA5E1269C7E240004F235 /* Assets.xcassets */,
				63312C3526A168E3004DB7B4 /* Genre.swift */,
				63DAA5E6269C7E240004F235 /* Info.plist */,
				63DAA5DE269C7E210004F235 /* MovieApp.xcdatamodeld */,
			);
			path = MovieApp;
			sourceTree = "<group>";
		};
/* End PBXGroup section */

/* Begin PBXNativeTarget section */
		63DAA5D1269C7E210004F235 /* MovieApp */ = {
			isa = PBXNativeTarget;
			buildConfigurationList = 63DAA5E9269C7E240004F235 /* Build configuration list for PBXNativeTarget "MovieApp" */;
			buildPhases = (
				63DAA5CE269C7E210004F235 /* Sources */,
				63DAA5CF269C7E210004F235 /* Frameworks */,
				63DAA5D0269C7E210004F235 /* Resources */,
			);
			buildRules = (
			);
			dependencies = (
			);
			name = MovieApp;
			packageProductDependencies = (
				63CC486E269DAB3400AE3DDB /* SnapKit */,
				63312C3226A05CDB004DB7B4 /* Alamofire */,
				63BD081426A4A52B00AF366A /* Kingfisher */,
			);
			productName = MovieApp;
			productReference = 63DAA5D2269C7E210004F235 /* MovieApp.app */;
			productType = "com.apple.product-type.application";
		};
/* End PBXNativeTarget section */

/* Begin PBXProject section */
		63DAA5CA269C7E210004F235 /* Project object */ = {
			isa = PBXProject;
			attributes = {
				LastSwiftUpdateCheck = 1250;
				LastUpgradeCheck = 1250;
				TargetAttributes = {
					63DAA5D1269C7E210004F235 = {
						CreatedOnToolsVersion = 12.5;
					};
				};
			};
			buildConfigurationList = 63DAA5CD269C7E210004F235 /* Build configuration list for PBXProject "MovieApp" */;
			compatibilityVersion = "Xcode 9.3";
			developmentRegion = en;
			hasScannedForEncodings = 0;
			knownRegions = (
				en,
				Base,
			);
			mainGroup = 63DAA5C9269C7E210004F235;
			packageReferences = (
				63CC486D269DAB3400AE3DDB /* XCRemoteSwiftPackageReference "SnapKit" */,
				63312C3126A05CDB004DB7B4 /* XCRemoteSwiftPackageReference "Alamofire" */,
				63BD081326A4A52B00AF366A /* XCRemoteSwiftPackageReference "Kingfisher" */,
			);
			productRefGroup = 63DAA5D3269C7E210004F235 /* Products */;
			projectDirPath = "";
			projectRoot = "";
			targets = (
				63DAA5D1269C7E210004F235 /* MovieApp */,
			);
		};
/* End PBXProject section */

/* Begin PBXResourcesBuildPhase section */
		63DAA5D0269C7E210004F235 /* Resources */ = {
			isa = PBXResourcesBuildPhase;
			buildActionMask = 2147483647;
			files = (
				63DAA5E2269C7E240004F235 /* Assets.xcassets in Resources */,
				638BAF29269ED21B00E8E75F /* ProximaNova-Semibold.otf in Resources */,
				638BAF27269ED21B00E8E75F /* ProximaNova-Bold.otf in Resources */,
				638BAF28269ED21B00E8E75F /* ProximaNova-Medium.otf in Resources */,
			);
			runOnlyForDeploymentPostprocessing = 0;
		};
/* End PBXResourcesBuildPhase section */

/* Begin PBXSourcesBuildPhase section */
		63DAA5CE269C7E210004F235 /* Sources */ = {
			isa = PBXSourcesBuildPhase;
			buildActionMask = 2147483647;
			files = (
				633E7E8226A6BD9E0091322D /* FavouritesViewController.swift in Sources */,
				633E7E8E26A7F15E0091322D /* MovieAppNavigationView+Design.swift in Sources */,
				633E7E5726A598C00091322D /* MoviesUseCaseProtocol.swift in Sources */,
				638BAF33269EE12F00E8E75F /* MovieNetworkModel.swift in Sources */,
				63312C3C26A1748A004DB7B4 /* MovieClientProtocol.swift in Sources */,
				63CC487A269E448200AE3DDB /* MovieCell+Design.swift in Sources */,
				633E7E5526A598B00091322D /* MoviesUseCase.swift in Sources */,
				63312C3A26A1740A004DB7B4 /* MovieClient.swift in Sources */,
				633E7E6426A6A3970091322D /* MovieNetworkDataSourceModel.swift in Sources */,
				633E7E8426A6BF190091322D /* ImageEnum.swift in Sources */,
				633E7E5326A592DB0091322D /* MoviesDataRepositoryProtocol.swift in Sources */,
				633E7E8C26A710ED0091322D /* MovieAppNavigationView.swift in Sources */,
				638BAF2B269ED40800E8E75F /* FontsConstants.swift in Sources */,
				63DAA5D6269C7E210004F235 /* AppDelegate.swift in Sources */,
				63CC4878269E397D00AE3DDB /* MovieCell.swift in Sources */,
				633E7E8626A6DCBF0091322D /* UITabBarController+styleMovieTabBar.swift in Sources */,
				633E7E6626A6A55F0091322D /* MovieDataRepositoryModel.swift in Sources */,
				63BD081726A4AFA500AF366A /* MovieViewModel.swift in Sources */,
				63CC486A269DA94D00AE3DDB /* HomePageViewController.swift in Sources */,
				633E7E8A26A70C090091322D /* HomePageTwoViewController+Design.swift in Sources */,
				633E7E6826A6A7520091322D /* MovieUseCaseModel.swift in Sources */,
				63BD081D26A5677C00AF366A /* RequestError+localizedDescription.swift in Sources */,
				63BD081B26A54CE900AF366A /* MovieDetailViewController.swift in Sources */,
				633E7E6226A69D980091322D /* AppRouterProtocol.swift in Sources */,
				63BD081026A1C30900AF366A /* NetworkClient.swift in Sources */,
				633E7E5E26A5C36D0091322D /* MovieNetworkDataSource.swift in Sources */,
				633E7E6026A5C3A90091322D /* MovieNetworkDataSourceProtocol.swift in Sources */,
				63CC486C269DA96A00AE3DDB /* HomePageViewController+Design.swift in Sources */,
				633E7E5126A592C50091322D /* MoviesDataRepository.swift in Sources */,
				63DAA5E0269C7E210004F235 /* MovieApp.xcdatamodeld in Sources */,
				63CC4868269DA89400AE3DDB /* DesignProtocol.swift in Sources */,
				63312C3626A168E3004DB7B4 /* Genre.swift in Sources */,
				63DAA5D8269C7E210004F235 /* SceneDelegate.swift in Sources */,
				638BAF2D269EDC9F00E8E75F /* HomePagePresenter.swift in Sources */,
				63CC4876269DB82100AE3DDB /* UIColor+CustomColors.swift in Sources */,
				63312C3826A1711D004DB7B4 /* RequestError.swift in Sources */,
				633E7E5A26A5A9A40091322D /* HomePageDelegate.swift in Sources */,
				63BD081926A54B3D00AF366A /* AppRouter.swift in Sources */,
				633E7E5C26A5AFB40091322D /* HomePagePresenterProtocol.swift in Sources */,
				633E7E8026A6BD580091322D /* HomePageTwoViewController.swift in Sources */,
				63BD081226A1C31700AF366A /* NetworkClientProtocol.swift in Sources */,
			);
			runOnlyForDeploymentPostprocessing = 0;
		};
/* End PBXSourcesBuildPhase section */

/* Begin XCBuildConfiguration section */
		63DAA5E7269C7E240004F235 /* Debug */ = {
			isa = XCBuildConfiguration;
			buildSettings = {
				ALWAYS_SEARCH_USER_PATHS = NO;
				CLANG_ANALYZER_NONNULL = YES;
				CLANG_ANALYZER_NUMBER_OBJECT_CONVERSION = YES_AGGRESSIVE;
				CLANG_CXX_LANGUAGE_STANDARD = "gnu++14";
				CLANG_CXX_LIBRARY = "libc++";
				CLANG_ENABLE_MODULES = YES;
				CLANG_ENABLE_OBJC_ARC = YES;
				CLANG_ENABLE_OBJC_WEAK = YES;
				CLANG_WARN_BLOCK_CAPTURE_AUTORELEASING = YES;
				CLANG_WARN_BOOL_CONVERSION = YES;
				CLANG_WARN_COMMA = YES;
				CLANG_WARN_CONSTANT_CONVERSION = YES;
				CLANG_WARN_DEPRECATED_OBJC_IMPLEMENTATIONS = YES;
				CLANG_WARN_DIRECT_OBJC_ISA_USAGE = YES_ERROR;
				CLANG_WARN_DOCUMENTATION_COMMENTS = YES;
				CLANG_WARN_EMPTY_BODY = YES;
				CLANG_WARN_ENUM_CONVERSION = YES;
				CLANG_WARN_INFINITE_RECURSION = YES;
				CLANG_WARN_INT_CONVERSION = YES;
				CLANG_WARN_NON_LITERAL_NULL_CONVERSION = YES;
				CLANG_WARN_OBJC_IMPLICIT_RETAIN_SELF = YES;
				CLANG_WARN_OBJC_LITERAL_CONVERSION = YES;
				CLANG_WARN_OBJC_ROOT_CLASS = YES_ERROR;
				CLANG_WARN_QUOTED_INCLUDE_IN_FRAMEWORK_HEADER = YES;
				CLANG_WARN_RANGE_LOOP_ANALYSIS = YES;
				CLANG_WARN_STRICT_PROTOTYPES = YES;
				CLANG_WARN_SUSPICIOUS_MOVE = YES;
				CLANG_WARN_UNGUARDED_AVAILABILITY = YES_AGGRESSIVE;
				CLANG_WARN_UNREACHABLE_CODE = YES;
				CLANG_WARN__DUPLICATE_METHOD_MATCH = YES;
				COPY_PHASE_STRIP = NO;
				DEBUG_INFORMATION_FORMAT = dwarf;
				ENABLE_STRICT_OBJC_MSGSEND = YES;
				ENABLE_TESTABILITY = YES;
				GCC_C_LANGUAGE_STANDARD = gnu11;
				GCC_DYNAMIC_NO_PIC = NO;
				GCC_NO_COMMON_BLOCKS = YES;
				GCC_OPTIMIZATION_LEVEL = 0;
				GCC_PREPROCESSOR_DEFINITIONS = (
					"DEBUG=1",
					"$(inherited)",
				);
				GCC_WARN_64_TO_32_BIT_CONVERSION = YES;
				GCC_WARN_ABOUT_RETURN_TYPE = YES_ERROR;
				GCC_WARN_UNDECLARED_SELECTOR = YES;
				GCC_WARN_UNINITIALIZED_AUTOS = YES_AGGRESSIVE;
				GCC_WARN_UNUSED_FUNCTION = YES;
				GCC_WARN_UNUSED_VARIABLE = YES;
				IPHONEOS_DEPLOYMENT_TARGET = 14.5;
				MTL_ENABLE_DEBUG_INFO = INCLUDE_SOURCE;
				MTL_FAST_MATH = YES;
				ONLY_ACTIVE_ARCH = YES;
				SDKROOT = iphoneos;
				SWIFT_ACTIVE_COMPILATION_CONDITIONS = DEBUG;
				SWIFT_OPTIMIZATION_LEVEL = "-Onone";
			};
			name = Debug;
		};
		63DAA5E8269C7E240004F235 /* Release */ = {
			isa = XCBuildConfiguration;
			buildSettings = {
				ALWAYS_SEARCH_USER_PATHS = NO;
				CLANG_ANALYZER_NONNULL = YES;
				CLANG_ANALYZER_NUMBER_OBJECT_CONVERSION = YES_AGGRESSIVE;
				CLANG_CXX_LANGUAGE_STANDARD = "gnu++14";
				CLANG_CXX_LIBRARY = "libc++";
				CLANG_ENABLE_MODULES = YES;
				CLANG_ENABLE_OBJC_ARC = YES;
				CLANG_ENABLE_OBJC_WEAK = YES;
				CLANG_WARN_BLOCK_CAPTURE_AUTORELEASING = YES;
				CLANG_WARN_BOOL_CONVERSION = YES;
				CLANG_WARN_COMMA = YES;
				CLANG_WARN_CONSTANT_CONVERSION = YES;
				CLANG_WARN_DEPRECATED_OBJC_IMPLEMENTATIONS = YES;
				CLANG_WARN_DIRECT_OBJC_ISA_USAGE = YES_ERROR;
				CLANG_WARN_DOCUMENTATION_COMMENTS = YES;
				CLANG_WARN_EMPTY_BODY = YES;
				CLANG_WARN_ENUM_CONVERSION = YES;
				CLANG_WARN_INFINITE_RECURSION = YES;
				CLANG_WARN_INT_CONVERSION = YES;
				CLANG_WARN_NON_LITERAL_NULL_CONVERSION = YES;
				CLANG_WARN_OBJC_IMPLICIT_RETAIN_SELF = YES;
				CLANG_WARN_OBJC_LITERAL_CONVERSION = YES;
				CLANG_WARN_OBJC_ROOT_CLASS = YES_ERROR;
				CLANG_WARN_QUOTED_INCLUDE_IN_FRAMEWORK_HEADER = YES;
				CLANG_WARN_RANGE_LOOP_ANALYSIS = YES;
				CLANG_WARN_STRICT_PROTOTYPES = YES;
				CLANG_WARN_SUSPICIOUS_MOVE = YES;
				CLANG_WARN_UNGUARDED_AVAILABILITY = YES_AGGRESSIVE;
				CLANG_WARN_UNREACHABLE_CODE = YES;
				CLANG_WARN__DUPLICATE_METHOD_MATCH = YES;
				COPY_PHASE_STRIP = NO;
				DEBUG_INFORMATION_FORMAT = "dwarf-with-dsym";
				ENABLE_NS_ASSERTIONS = NO;
				ENABLE_STRICT_OBJC_MSGSEND = YES;
				GCC_C_LANGUAGE_STANDARD = gnu11;
				GCC_NO_COMMON_BLOCKS = YES;
				GCC_WARN_64_TO_32_BIT_CONVERSION = YES;
				GCC_WARN_ABOUT_RETURN_TYPE = YES_ERROR;
				GCC_WARN_UNDECLARED_SELECTOR = YES;
				GCC_WARN_UNINITIALIZED_AUTOS = YES_AGGRESSIVE;
				GCC_WARN_UNUSED_FUNCTION = YES;
				GCC_WARN_UNUSED_VARIABLE = YES;
				IPHONEOS_DEPLOYMENT_TARGET = 14.5;
				MTL_ENABLE_DEBUG_INFO = NO;
				MTL_FAST_MATH = YES;
				SDKROOT = iphoneos;
				SWIFT_COMPILATION_MODE = wholemodule;
				SWIFT_OPTIMIZATION_LEVEL = "-O";
				VALIDATE_PRODUCT = YES;
			};
			name = Release;
		};
		63DAA5EA269C7E240004F235 /* Debug */ = {
			isa = XCBuildConfiguration;
			buildSettings = {
				ASSETCATALOG_COMPILER_APPICON_NAME = AppIcon;
				ASSETCATALOG_COMPILER_GLOBAL_ACCENT_COLOR_NAME = AccentColor;
				CODE_SIGN_STYLE = Automatic;
				DEVELOPMENT_TEAM = U9LSYL6BJC;
				INFOPLIST_FILE = MovieApp/Info.plist;
				LD_RUNPATH_SEARCH_PATHS = (
					"$(inherited)",
					"@executable_path/Frameworks",
				);
				PRODUCT_BUNDLE_IDENTIFIER = hr.five.Onboarding.MovieApp;
				PRODUCT_NAME = "$(TARGET_NAME)";
				SWIFT_VERSION = 5.0;
				TARGETED_DEVICE_FAMILY = "1,2";
			};
			name = Debug;
		};
		63DAA5EB269C7E240004F235 /* Release */ = {
			isa = XCBuildConfiguration;
			buildSettings = {
				ASSETCATALOG_COMPILER_APPICON_NAME = AppIcon;
				ASSETCATALOG_COMPILER_GLOBAL_ACCENT_COLOR_NAME = AccentColor;
				CODE_SIGN_STYLE = Automatic;
				DEVELOPMENT_TEAM = U9LSYL6BJC;
				INFOPLIST_FILE = MovieApp/Info.plist;
				LD_RUNPATH_SEARCH_PATHS = (
					"$(inherited)",
					"@executable_path/Frameworks",
				);
				PRODUCT_BUNDLE_IDENTIFIER = hr.five.Onboarding.MovieApp;
				PRODUCT_NAME = "$(TARGET_NAME)";
				SWIFT_VERSION = 5.0;
				TARGETED_DEVICE_FAMILY = "1,2";
			};
			name = Release;
		};
/* End XCBuildConfiguration section */

/* Begin XCConfigurationList section */
		63DAA5CD269C7E210004F235 /* Build configuration list for PBXProject "MovieApp" */ = {
			isa = XCConfigurationList;
			buildConfigurations = (
				63DAA5E7269C7E240004F235 /* Debug */,
				63DAA5E8269C7E240004F235 /* Release */,
			);
			defaultConfigurationIsVisible = 0;
			defaultConfigurationName = Release;
		};
		63DAA5E9269C7E240004F235 /* Build configuration list for PBXNativeTarget "MovieApp" */ = {
			isa = XCConfigurationList;
			buildConfigurations = (
				63DAA5EA269C7E240004F235 /* Debug */,
				63DAA5EB269C7E240004F235 /* Release */,
			);
			defaultConfigurationIsVisible = 0;
			defaultConfigurationName = Release;
		};
/* End XCConfigurationList section */

/* Begin XCRemoteSwiftPackageReference section */
		63312C3126A05CDB004DB7B4 /* XCRemoteSwiftPackageReference "Alamofire" */ = {
			isa = XCRemoteSwiftPackageReference;
			repositoryURL = "https://github.com/Alamofire/Alamofire.git";
			requirement = {
				kind = upToNextMinorVersion;
				minimumVersion = 5.4.3;
			};
		};
		63BD081326A4A52B00AF366A /* XCRemoteSwiftPackageReference "Kingfisher" */ = {
			isa = XCRemoteSwiftPackageReference;
			repositoryURL = "https://github.com/onevcat/Kingfisher.git";
			requirement = {
				kind = upToNextMinorVersion;
				minimumVersion = 6.3.0;
			};
		};
		63CC486D269DAB3400AE3DDB /* XCRemoteSwiftPackageReference "SnapKit" */ = {
			isa = XCRemoteSwiftPackageReference;
			repositoryURL = "https://github.com/SnapKit/SnapKit.git";
			requirement = {
				kind = upToNextMinorVersion;
				minimumVersion = 5.0.1;
			};
		};
/* End XCRemoteSwiftPackageReference section */

/* Begin XCSwiftPackageProductDependency section */
		63312C3226A05CDB004DB7B4 /* Alamofire */ = {
			isa = XCSwiftPackageProductDependency;
			package = 63312C3126A05CDB004DB7B4 /* XCRemoteSwiftPackageReference "Alamofire" */;
			productName = Alamofire;
		};
		63BD081426A4A52B00AF366A /* Kingfisher */ = {
			isa = XCSwiftPackageProductDependency;
			package = 63BD081326A4A52B00AF366A /* XCRemoteSwiftPackageReference "Kingfisher" */;
			productName = Kingfisher;
		};
		63CC486E269DAB3400AE3DDB /* SnapKit */ = {
			isa = XCSwiftPackageProductDependency;
			package = 63CC486D269DAB3400AE3DDB /* XCRemoteSwiftPackageReference "SnapKit" */;
			productName = SnapKit;
		};
/* End XCSwiftPackageProductDependency section */

/* Begin XCVersionGroup section */
		63DAA5DE269C7E210004F235 /* MovieApp.xcdatamodeld */ = {
			isa = XCVersionGroup;
			children = (
				63DAA5DF269C7E210004F235 /* MovieApp.xcdatamodel */,
			);
			currentVersion = 63DAA5DF269C7E210004F235 /* MovieApp.xcdatamodel */;
			path = MovieApp.xcdatamodeld;
			sourceTree = "<group>";
			versionGroupType = wrapper.xcdatamodel;
		};
/* End XCVersionGroup section */
	};
	rootObject = 63DAA5CA269C7E210004F235 /* Project object */;
}
