// !$*UTF8*$!
{
	archiveVersion = 1;
	classes = {
	};
	objectVersion = 52;
	objects = {

/* Begin PBXBuildFile section */
		63019A2426B1245A00584356 /* LocalCategory.swift in Sources */ = {isa = PBXBuildFile; fileRef = 63019A2326B1245A00584356 /* LocalCategory.swift */; };
		63019A2626B1281300584356 /* CategoryCellDelegate.swift in Sources */ = {isa = PBXBuildFile; fileRef = 63019A2526B1281300584356 /* CategoryCellDelegate.swift */; };
		63019A2A26B17AC200584356 /* UIStackView.swift in Sources */ = {isa = PBXBuildFile; fileRef = 63019A2926B17AC200584356 /* UIStackView.swift */; };
		63019A2C26B1854C00584356 /* TVShowResponse.swift in Sources */ = {isa = PBXBuildFile; fileRef = 63019A2B26B1854C00584356 /* TVShowResponse.swift */; };
		630CDD5B26B3E9760052D290 /* MovieDetailViewController+Design.swift in Sources */ = {isa = PBXBuildFile; fileRef = 630CDD5A26B3E9760052D290 /* MovieDetailViewController+Design.swift */; };
		630CDD5F26B3F47D0052D290 /* DetailTitleView.swift in Sources */ = {isa = PBXBuildFile; fileRef = 630CDD5E26B3F47D0052D290 /* DetailTitleView.swift */; };
		630CDD6126B3F4B00052D290 /* DetailTitleView+Design.swift in Sources */ = {isa = PBXBuildFile; fileRef = 630CDD6026B3F4B00052D290 /* DetailTitleView+Design.swift */; };
		630CDD6326B3F6A70052D290 /* DetailTitleViewModel.swift in Sources */ = {isa = PBXBuildFile; fileRef = 630CDD6226B3F6A70052D290 /* DetailTitleViewModel.swift */; };
		630CDD6526B40B3B0052D290 /* MovieDetailPresenter.swift in Sources */ = {isa = PBXBuildFile; fileRef = 630CDD6426B40B3B0052D290 /* MovieDetailPresenter.swift */; };
		630CDD6926B4330E0052D290 /* UILabel+setLineSpacing.swift in Sources */ = {isa = PBXBuildFile; fileRef = 630CDD6826B4330E0052D290 /* UILabel+setLineSpacing.swift */; };
		630CDD6C26B4350D0052D290 /* CastView.swift in Sources */ = {isa = PBXBuildFile; fileRef = 630CDD6B26B4350D0052D290 /* CastView.swift */; };
		630CDD6E26B435E20052D290 /* CastView+Design.swift in Sources */ = {isa = PBXBuildFile; fileRef = 630CDD6D26B435E20052D290 /* CastView+Design.swift */; };
		630CDD7026B43B500052D290 /* CastCell.swift in Sources */ = {isa = PBXBuildFile; fileRef = 630CDD6F26B43B500052D290 /* CastCell.swift */; };
		630CDD7226B43C280052D290 /* CastViewModel.swift in Sources */ = {isa = PBXBuildFile; fileRef = 630CDD7126B43C280052D290 /* CastViewModel.swift */; };
		630CDD7426B43CBC0052D290 /* CastCell+Design.swift in Sources */ = {isa = PBXBuildFile; fileRef = 630CDD7326B43CBC0052D290 /* CastCell+Design.swift */; };
		630CDD7726B716290052D290 /* RecommendationsView.swift in Sources */ = {isa = PBXBuildFile; fileRef = 630CDD7626B716290052D290 /* RecommendationsView.swift */; };
		630CDD7926B717CE0052D290 /* RecommendationsView+Design.swift in Sources */ = {isa = PBXBuildFile; fileRef = 630CDD7826B717CE0052D290 /* RecommendationsView+Design.swift */; };
		630CDD7B26B719700052D290 /* RecommendationCell.swift in Sources */ = {isa = PBXBuildFile; fileRef = 630CDD7A26B719700052D290 /* RecommendationCell.swift */; };
		630CDD7D26B71A5F0052D290 /* RecommendationCell+Design.swift in Sources */ = {isa = PBXBuildFile; fileRef = 630CDD7C26B71A5F0052D290 /* RecommendationCell+Design.swift */; };
		630CDD7F26B7D4B30052D290 /* ProgressBarView.swift in Sources */ = {isa = PBXBuildFile; fileRef = 630CDD7E26B7D4B30052D290 /* ProgressBarView.swift */; };
		630CDD8126B7ED840052D290 /* ProgressBarView+Design.swift in Sources */ = {isa = PBXBuildFile; fileRef = 630CDD8026B7ED840052D290 /* ProgressBarView+Design.swift */; };
		630CDD8426B8226C0052D290 /* ReviewView.swift in Sources */ = {isa = PBXBuildFile; fileRef = 630CDD8326B8226C0052D290 /* ReviewView.swift */; };
		630CDD8626B8227B0052D290 /* ReviewView+Design.swift in Sources */ = {isa = PBXBuildFile; fileRef = 630CDD8526B8227B0052D290 /* ReviewView+Design.swift */; };
		630CDD8826B824FF0052D290 /* ReviewViewModel.swift in Sources */ = {isa = PBXBuildFile; fileRef = 630CDD8726B824FF0052D290 /* ReviewViewModel.swift */; };
		630CDD8C26B93B120052D290 /* MovieDetailDelegate.swift in Sources */ = {isa = PBXBuildFile; fileRef = 630CDD8B26B93B120052D290 /* MovieDetailDelegate.swift */; };
		630CDD8E26B95B9E0052D290 /* MovieDetailResponse.swift in Sources */ = {isa = PBXBuildFile; fileRef = 630CDD8D26B95B9E0052D290 /* MovieDetailResponse.swift */; };
		630CDD9026B95FD50052D290 /* GenreResponse.swift in Sources */ = {isa = PBXBuildFile; fileRef = 630CDD8F26B95FD50052D290 /* GenreResponse.swift */; };
		63312C3326A05CDB004DB7B4 /* Alamofire in Frameworks */ = {isa = PBXBuildFile; productRef = 63312C3226A05CDB004DB7B4 /* Alamofire */; };
		63312C3626A168E3004DB7B4 /* Genre.swift in Sources */ = {isa = PBXBuildFile; fileRef = 63312C3526A168E3004DB7B4 /* Genre.swift */; };
		63312C3826A1711D004DB7B4 /* RequestError.swift in Sources */ = {isa = PBXBuildFile; fileRef = 63312C3726A1711D004DB7B4 /* RequestError.swift */; };
		63312C3A26A1740A004DB7B4 /* MovieClient.swift in Sources */ = {isa = PBXBuildFile; fileRef = 63312C3926A17409004DB7B4 /* MovieClient.swift */; };
		63312C3C26A1748A004DB7B4 /* MovieClientProtocol.swift in Sources */ = {isa = PBXBuildFile; fileRef = 63312C3B26A1748A004DB7B4 /* MovieClientProtocol.swift */; };
		633E7E5126A592C50091322D /* MovieRepository.swift in Sources */ = {isa = PBXBuildFile; fileRef = 633E7E5026A592C50091322D /* MovieRepository.swift */; };
		633E7E5326A592DB0091322D /* MovieRepositoryProtocol.swift in Sources */ = {isa = PBXBuildFile; fileRef = 633E7E5226A592DB0091322D /* MovieRepositoryProtocol.swift */; };
		633E7E5526A598B00091322D /* MoviesUseCase.swift in Sources */ = {isa = PBXBuildFile; fileRef = 633E7E5426A598B00091322D /* MoviesUseCase.swift */; };
		633E7E5726A598C00091322D /* MoviesUseCaseProtocol.swift in Sources */ = {isa = PBXBuildFile; fileRef = 633E7E5626A598C00091322D /* MoviesUseCaseProtocol.swift */; };
		633E7E5A26A5A9A40091322D /* HomePageDelegate.swift in Sources */ = {isa = PBXBuildFile; fileRef = 633E7E5926A5A9A40091322D /* HomePageDelegate.swift */; };
		633E7E5E26A5C36D0091322D /* MovieNetworkDataSource.swift in Sources */ = {isa = PBXBuildFile; fileRef = 633E7E5D26A5C36D0091322D /* MovieNetworkDataSource.swift */; };
		633E7E6026A5C3A90091322D /* MovieNetworkDataSourceProtocol.swift in Sources */ = {isa = PBXBuildFile; fileRef = 633E7E5F26A5C3A90091322D /* MovieNetworkDataSourceProtocol.swift */; };
		633E7E6426A6A3970091322D /* MovieDataModel.swift in Sources */ = {isa = PBXBuildFile; fileRef = 633E7E6326A6A3970091322D /* MovieDataModel.swift */; };
		633E7E6626A6A55F0091322D /* MovieRepoModel.swift in Sources */ = {isa = PBXBuildFile; fileRef = 633E7E6526A6A55F0091322D /* MovieRepoModel.swift */; };
		633E7E6826A6A7520091322D /* MovieModel.swift in Sources */ = {isa = PBXBuildFile; fileRef = 633E7E6726A6A7520091322D /* MovieModel.swift */; };
		633E7E8026A6BD580091322D /* HomePageTwoViewController.swift in Sources */ = {isa = PBXBuildFile; fileRef = 633E7E7F26A6BD580091322D /* HomePageTwoViewController.swift */; };
		633E7E8226A6BD9E0091322D /* FavouritesViewController.swift in Sources */ = {isa = PBXBuildFile; fileRef = 633E7E8126A6BD9E0091322D /* FavouritesViewController.swift */; };
		633E7E8426A6BF190091322D /* BundleImage.swift in Sources */ = {isa = PBXBuildFile; fileRef = 633E7E8326A6BF190091322D /* BundleImage.swift */; };
		633E7E8626A6DCBF0091322D /* UITabBarController+styleMovieTabBar.swift in Sources */ = {isa = PBXBuildFile; fileRef = 633E7E8526A6DCBF0091322D /* UITabBarController+styleMovieTabBar.swift */; };
		633E7E8A26A70C090091322D /* HomePageTwoViewController+Design.swift in Sources */ = {isa = PBXBuildFile; fileRef = 633E7E8926A70C090091322D /* HomePageTwoViewController+Design.swift */; };
		633E7E9026A800A00091322D /* MovieSearchBar.swift in Sources */ = {isa = PBXBuildFile; fileRef = 633E7E8F26A800A00091322D /* MovieSearchBar.swift */; };
		633E7E9226A8123E0091322D /* MovieSearchBar+Design.swift in Sources */ = {isa = PBXBuildFile; fileRef = 633E7E9126A8123E0091322D /* MovieSearchBar+Design.swift */; };
		633E7E9826A942770091322D /* SubcategoryView+Design.swift in Sources */ = {isa = PBXBuildFile; fileRef = 633E7E9726A942770091322D /* SubcategoryView+Design.swift */; };
		633E7E9A26A942CD0091322D /* SubcategoryView.swift in Sources */ = {isa = PBXBuildFile; fileRef = 633E7E9926A942CD0091322D /* SubcategoryView.swift */; };
		633E7EA126A96A0D0091322D /* NewMovieCell.swift in Sources */ = {isa = PBXBuildFile; fileRef = 633E7EA026A96A0D0091322D /* NewMovieCell.swift */; };
		633E7EA326A96A3C0091322D /* NewMovieCell+Design.swift in Sources */ = {isa = PBXBuildFile; fileRef = 633E7EA226A96A3C0091322D /* NewMovieCell+Design.swift */; };
		633E7EA526A96D140091322D /* FavouriteButton.swift in Sources */ = {isa = PBXBuildFile; fileRef = 633E7EA426A96D140091322D /* FavouriteButton.swift */; };
		634F13E826AE983700DE6C7B /* UIImage+initWithBundleImage.swift in Sources */ = {isa = PBXBuildFile; fileRef = 634F13E726AE983700DE6C7B /* UIImage+initWithBundleImage.swift */; };
		634F13EA26AEA0C600DE6C7B /* UIFont+customFonts.swift in Sources */ = {isa = PBXBuildFile; fileRef = 634F13E926AEA0C600DE6C7B /* UIFont+customFonts.swift */; };
		634F13EE26AEC62200DE6C7B /* LocalSubcategory.swift in Sources */ = {isa = PBXBuildFile; fileRef = 634F13ED26AEC62200DE6C7B /* LocalSubcategory.swift */; };
		638BAF27269ED21B00E8E75F /* ProximaNova-Bold.otf in Resources */ = {isa = PBXBuildFile; fileRef = 638BAF24269ED21A00E8E75F /* ProximaNova-Bold.otf */; };
		638BAF28269ED21B00E8E75F /* ProximaNova-Medium.otf in Resources */ = {isa = PBXBuildFile; fileRef = 638BAF25269ED21B00E8E75F /* ProximaNova-Medium.otf */; };
		638BAF29269ED21B00E8E75F /* ProximaNova-Semibold.otf in Resources */ = {isa = PBXBuildFile; fileRef = 638BAF26269ED21B00E8E75F /* ProximaNova-Semibold.otf */; };
		638BAF2D269EDC9F00E8E75F /* HomePagePresenter.swift in Sources */ = {isa = PBXBuildFile; fileRef = 638BAF2C269EDC9F00E8E75F /* HomePagePresenter.swift */; };
		638BAF33269EE12F00E8E75F /* MovieResponse.swift in Sources */ = {isa = PBXBuildFile; fileRef = 638BAF32269EE12F00E8E75F /* MovieResponse.swift */; };
		63BD081026A1C30900AF366A /* NetworkClient.swift in Sources */ = {isa = PBXBuildFile; fileRef = 63BD080F26A1C30900AF366A /* NetworkClient.swift */; };
		63BD081226A1C31700AF366A /* NetworkClientProtocol.swift in Sources */ = {isa = PBXBuildFile; fileRef = 63BD081126A1C31700AF366A /* NetworkClientProtocol.swift */; };
		63BD081526A4A52B00AF366A /* Kingfisher in Frameworks */ = {isa = PBXBuildFile; productRef = 63BD081426A4A52B00AF366A /* Kingfisher */; };
		63BD081726A4AFA500AF366A /* MovieViewModel.swift in Sources */ = {isa = PBXBuildFile; fileRef = 63BD081626A4AFA500AF366A /* MovieViewModel.swift */; };
		63BD081926A54B3D00AF366A /* AppRouter.swift in Sources */ = {isa = PBXBuildFile; fileRef = 63BD081826A54B3D00AF366A /* AppRouter.swift */; };
		63BD081B26A54CE900AF366A /* MovieDetailViewController.swift in Sources */ = {isa = PBXBuildFile; fileRef = 63BD081A26A54CE900AF366A /* MovieDetailViewController.swift */; };
		63BD081D26A5677C00AF366A /* RequestError+localizedDescription.swift in Sources */ = {isa = PBXBuildFile; fileRef = 63BD081C26A5677C00AF366A /* RequestError+localizedDescription.swift */; };
		63C4380826B028B500C08E51 /* HomePageTwoPresenter.swift in Sources */ = {isa = PBXBuildFile; fileRef = 63C4380726B028B500C08E51 /* HomePageTwoPresenter.swift */; };
		63C4380A26B029AA00C08E51 /* HomePageTwoDelegate.swift in Sources */ = {isa = PBXBuildFile; fileRef = 63C4380926B029AA00C08E51 /* HomePageTwoDelegate.swift */; };
		63CC4868269DA89400AE3DDB /* DesignProtocol.swift in Sources */ = {isa = PBXBuildFile; fileRef = 63CC4867269DA89400AE3DDB /* DesignProtocol.swift */; };
		63CC486A269DA94D00AE3DDB /* HomePageViewController.swift in Sources */ = {isa = PBXBuildFile; fileRef = 63CC4869269DA94D00AE3DDB /* HomePageViewController.swift */; };
		63CC486C269DA96A00AE3DDB /* HomePageViewController+Design.swift in Sources */ = {isa = PBXBuildFile; fileRef = 63CC486B269DA96A00AE3DDB /* HomePageViewController+Design.swift */; };
		63CC486F269DAB3400AE3DDB /* SnapKit in Frameworks */ = {isa = PBXBuildFile; productRef = 63CC486E269DAB3400AE3DDB /* SnapKit */; };
		63CC4876269DB82100AE3DDB /* UIColor+CustomColors.swift in Sources */ = {isa = PBXBuildFile; fileRef = 63CC4875269DB82100AE3DDB /* UIColor+CustomColors.swift */; };
		63CC4878269E397D00AE3DDB /* MovieCell.swift in Sources */ = {isa = PBXBuildFile; fileRef = 63CC4877269E397D00AE3DDB /* MovieCell.swift */; };
		63CC487A269E448200AE3DDB /* MovieCell+Design.swift in Sources */ = {isa = PBXBuildFile; fileRef = 63CC4879269E448200AE3DDB /* MovieCell+Design.swift */; };
		63DAA5D6269C7E210004F235 /* AppDelegate.swift in Sources */ = {isa = PBXBuildFile; fileRef = 63DAA5D5269C7E210004F235 /* AppDelegate.swift */; };
		63DAA5D8269C7E210004F235 /* SceneDelegate.swift in Sources */ = {isa = PBXBuildFile; fileRef = 63DAA5D7269C7E210004F235 /* SceneDelegate.swift */; };
		63DAA5E0269C7E210004F235 /* MovieApp.xcdatamodeld in Sources */ = {isa = PBXBuildFile; fileRef = 63DAA5DE269C7E210004F235 /* MovieApp.xcdatamodeld */; };
		63DAA5E2269C7E240004F235 /* Assets.xcassets in Resources */ = {isa = PBXBuildFile; fileRef = 63DAA5E1269C7E240004F235 /* Assets.xcassets */; };
		63DD737426A9A38E004A6D8C /* CategoryCell.swift in Sources */ = {isa = PBXBuildFile; fileRef = 63DD737326A9A38E004A6D8C /* CategoryCell.swift */; };
		63DD737626A9A39E004A6D8C /* CategoryCell+Design.swift in Sources */ = {isa = PBXBuildFile; fileRef = 63DD737526A9A39E004A6D8C /* CategoryCell+Design.swift */; };
		63DD737826AA90F5004A6D8C /* CategoryViewModel.swift in Sources */ = {isa = PBXBuildFile; fileRef = 63DD737726AA90F5004A6D8C /* CategoryViewModel.swift */; };
/* End PBXBuildFile section */

/* Begin PBXFileReference section */
		63019A2326B1245A00584356 /* LocalCategory.swift */ = {isa = PBXFileReference; lastKnownFileType = sourcecode.swift; path = LocalCategory.swift; sourceTree = "<group>"; };
		63019A2526B1281300584356 /* CategoryCellDelegate.swift */ = {isa = PBXFileReference; lastKnownFileType = sourcecode.swift; path = CategoryCellDelegate.swift; sourceTree = "<group>"; };
		63019A2926B17AC200584356 /* UIStackView.swift */ = {isa = PBXFileReference; lastKnownFileType = sourcecode.swift; path = UIStackView.swift; sourceTree = "<group>"; };
		63019A2B26B1854C00584356 /* TVShowResponse.swift */ = {isa = PBXFileReference; lastKnownFileType = sourcecode.swift; path = TVShowResponse.swift; sourceTree = "<group>"; };
		630CDD5A26B3E9760052D290 /* MovieDetailViewController+Design.swift */ = {isa = PBXFileReference; lastKnownFileType = sourcecode.swift; path = "MovieDetailViewController+Design.swift"; sourceTree = "<group>"; };
		630CDD5E26B3F47D0052D290 /* DetailTitleView.swift */ = {isa = PBXFileReference; lastKnownFileType = sourcecode.swift; path = DetailTitleView.swift; sourceTree = "<group>"; };
		630CDD6026B3F4B00052D290 /* DetailTitleView+Design.swift */ = {isa = PBXFileReference; lastKnownFileType = sourcecode.swift; path = "DetailTitleView+Design.swift"; sourceTree = "<group>"; };
		630CDD6226B3F6A70052D290 /* DetailTitleViewModel.swift */ = {isa = PBXFileReference; lastKnownFileType = sourcecode.swift; path = DetailTitleViewModel.swift; sourceTree = "<group>"; };
		630CDD6426B40B3B0052D290 /* MovieDetailPresenter.swift */ = {isa = PBXFileReference; lastKnownFileType = sourcecode.swift; path = MovieDetailPresenter.swift; sourceTree = "<group>"; };
		630CDD6826B4330E0052D290 /* UILabel+setLineSpacing.swift */ = {isa = PBXFileReference; lastKnownFileType = sourcecode.swift; path = "UILabel+setLineSpacing.swift"; sourceTree = "<group>"; };
		630CDD6B26B4350D0052D290 /* CastView.swift */ = {isa = PBXFileReference; lastKnownFileType = sourcecode.swift; path = CastView.swift; sourceTree = "<group>"; };
		630CDD6D26B435E20052D290 /* CastView+Design.swift */ = {isa = PBXFileReference; lastKnownFileType = sourcecode.swift; path = "CastView+Design.swift"; sourceTree = "<group>"; };
		630CDD6F26B43B500052D290 /* CastCell.swift */ = {isa = PBXFileReference; lastKnownFileType = sourcecode.swift; path = CastCell.swift; sourceTree = "<group>"; };
		630CDD7126B43C280052D290 /* CastViewModel.swift */ = {isa = PBXFileReference; lastKnownFileType = sourcecode.swift; path = CastViewModel.swift; sourceTree = "<group>"; };
		630CDD7326B43CBC0052D290 /* CastCell+Design.swift */ = {isa = PBXFileReference; lastKnownFileType = sourcecode.swift; path = "CastCell+Design.swift"; sourceTree = "<group>"; };
		630CDD7626B716290052D290 /* RecommendationsView.swift */ = {isa = PBXFileReference; lastKnownFileType = sourcecode.swift; path = RecommendationsView.swift; sourceTree = "<group>"; };
		630CDD7826B717CE0052D290 /* RecommendationsView+Design.swift */ = {isa = PBXFileReference; lastKnownFileType = sourcecode.swift; path = "RecommendationsView+Design.swift"; sourceTree = "<group>"; };
		630CDD7A26B719700052D290 /* RecommendationCell.swift */ = {isa = PBXFileReference; lastKnownFileType = sourcecode.swift; path = RecommendationCell.swift; sourceTree = "<group>"; };
		630CDD7C26B71A5F0052D290 /* RecommendationCell+Design.swift */ = {isa = PBXFileReference; lastKnownFileType = sourcecode.swift; path = "RecommendationCell+Design.swift"; sourceTree = "<group>"; };
		630CDD7E26B7D4B30052D290 /* ProgressBarView.swift */ = {isa = PBXFileReference; lastKnownFileType = sourcecode.swift; path = ProgressBarView.swift; sourceTree = "<group>"; };
		630CDD8026B7ED840052D290 /* ProgressBarView+Design.swift */ = {isa = PBXFileReference; lastKnownFileType = sourcecode.swift; path = "ProgressBarView+Design.swift"; sourceTree = "<group>"; };
		630CDD8326B8226C0052D290 /* ReviewView.swift */ = {isa = PBXFileReference; lastKnownFileType = sourcecode.swift; path = ReviewView.swift; sourceTree = "<group>"; };
		630CDD8526B8227B0052D290 /* ReviewView+Design.swift */ = {isa = PBXFileReference; lastKnownFileType = sourcecode.swift; path = "ReviewView+Design.swift"; sourceTree = "<group>"; };
		630CDD8726B824FF0052D290 /* ReviewViewModel.swift */ = {isa = PBXFileReference; lastKnownFileType = sourcecode.swift; path = ReviewViewModel.swift; sourceTree = "<group>"; };
		630CDD8B26B93B120052D290 /* MovieDetailDelegate.swift */ = {isa = PBXFileReference; lastKnownFileType = sourcecode.swift; path = MovieDetailDelegate.swift; sourceTree = "<group>"; };
		630CDD8D26B95B9E0052D290 /* MovieDetailResponse.swift */ = {isa = PBXFileReference; lastKnownFileType = sourcecode.swift; path = MovieDetailResponse.swift; sourceTree = "<group>"; };
		630CDD8F26B95FD50052D290 /* GenreResponse.swift */ = {isa = PBXFileReference; lastKnownFileType = sourcecode.swift; path = GenreResponse.swift; sourceTree = "<group>"; };
		63312C3526A168E3004DB7B4 /* Genre.swift */ = {isa = PBXFileReference; lastKnownFileType = sourcecode.swift; path = Genre.swift; sourceTree = "<group>"; };
		63312C3726A1711D004DB7B4 /* RequestError.swift */ = {isa = PBXFileReference; lastKnownFileType = sourcecode.swift; path = RequestError.swift; sourceTree = "<group>"; };
		63312C3926A17409004DB7B4 /* MovieClient.swift */ = {isa = PBXFileReference; lastKnownFileType = sourcecode.swift; path = MovieClient.swift; sourceTree = "<group>"; };
		63312C3B26A1748A004DB7B4 /* MovieClientProtocol.swift */ = {isa = PBXFileReference; lastKnownFileType = sourcecode.swift; path = MovieClientProtocol.swift; sourceTree = "<group>"; };
		633E7E5026A592C50091322D /* MovieRepository.swift */ = {isa = PBXFileReference; lastKnownFileType = sourcecode.swift; path = MovieRepository.swift; sourceTree = "<group>"; };
		633E7E5226A592DB0091322D /* MovieRepositoryProtocol.swift */ = {isa = PBXFileReference; lastKnownFileType = sourcecode.swift; path = MovieRepositoryProtocol.swift; sourceTree = "<group>"; };
		633E7E5426A598B00091322D /* MoviesUseCase.swift */ = {isa = PBXFileReference; lastKnownFileType = sourcecode.swift; path = MoviesUseCase.swift; sourceTree = "<group>"; };
		633E7E5626A598C00091322D /* MoviesUseCaseProtocol.swift */ = {isa = PBXFileReference; lastKnownFileType = sourcecode.swift; path = MoviesUseCaseProtocol.swift; sourceTree = "<group>"; };
		633E7E5926A5A9A40091322D /* HomePageDelegate.swift */ = {isa = PBXFileReference; lastKnownFileType = sourcecode.swift; path = HomePageDelegate.swift; sourceTree = "<group>"; };
		633E7E5D26A5C36D0091322D /* MovieNetworkDataSource.swift */ = {isa = PBXFileReference; lastKnownFileType = sourcecode.swift; path = MovieNetworkDataSource.swift; sourceTree = "<group>"; };
		633E7E5F26A5C3A90091322D /* MovieNetworkDataSourceProtocol.swift */ = {isa = PBXFileReference; lastKnownFileType = sourcecode.swift; path = MovieNetworkDataSourceProtocol.swift; sourceTree = "<group>"; };
		633E7E6326A6A3970091322D /* MovieDataModel.swift */ = {isa = PBXFileReference; lastKnownFileType = sourcecode.swift; path = MovieDataModel.swift; sourceTree = "<group>"; };
		633E7E6526A6A55F0091322D /* MovieRepoModel.swift */ = {isa = PBXFileReference; lastKnownFileType = sourcecode.swift; path = MovieRepoModel.swift; sourceTree = "<group>"; };
		633E7E6726A6A7520091322D /* MovieModel.swift */ = {isa = PBXFileReference; lastKnownFileType = sourcecode.swift; path = MovieModel.swift; sourceTree = "<group>"; };
		633E7E7F26A6BD580091322D /* HomePageTwoViewController.swift */ = {isa = PBXFileReference; lastKnownFileType = sourcecode.swift; path = HomePageTwoViewController.swift; sourceTree = "<group>"; };
		633E7E8126A6BD9E0091322D /* FavouritesViewController.swift */ = {isa = PBXFileReference; lastKnownFileType = sourcecode.swift; path = FavouritesViewController.swift; sourceTree = "<group>"; };
		633E7E8326A6BF190091322D /* BundleImage.swift */ = {isa = PBXFileReference; lastKnownFileType = sourcecode.swift; path = BundleImage.swift; sourceTree = "<group>"; };
		633E7E8526A6DCBF0091322D /* UITabBarController+styleMovieTabBar.swift */ = {isa = PBXFileReference; lastKnownFileType = sourcecode.swift; path = "UITabBarController+styleMovieTabBar.swift"; sourceTree = "<group>"; };
		633E7E8926A70C090091322D /* HomePageTwoViewController+Design.swift */ = {isa = PBXFileReference; lastKnownFileType = sourcecode.swift; path = "HomePageTwoViewController+Design.swift"; sourceTree = "<group>"; };
		633E7E8F26A800A00091322D /* MovieSearchBar.swift */ = {isa = PBXFileReference; lastKnownFileType = sourcecode.swift; path = MovieSearchBar.swift; sourceTree = "<group>"; };
		633E7E9126A8123E0091322D /* MovieSearchBar+Design.swift */ = {isa = PBXFileReference; lastKnownFileType = sourcecode.swift; path = "MovieSearchBar+Design.swift"; sourceTree = "<group>"; };
		633E7E9726A942770091322D /* SubcategoryView+Design.swift */ = {isa = PBXFileReference; lastKnownFileType = sourcecode.swift; path = "SubcategoryView+Design.swift"; sourceTree = "<group>"; };
		633E7E9926A942CD0091322D /* SubcategoryView.swift */ = {isa = PBXFileReference; lastKnownFileType = sourcecode.swift; path = SubcategoryView.swift; sourceTree = "<group>"; };
		633E7EA026A96A0D0091322D /* NewMovieCell.swift */ = {isa = PBXFileReference; lastKnownFileType = sourcecode.swift; path = NewMovieCell.swift; sourceTree = "<group>"; };
		633E7EA226A96A3C0091322D /* NewMovieCell+Design.swift */ = {isa = PBXFileReference; lastKnownFileType = sourcecode.swift; path = "NewMovieCell+Design.swift"; sourceTree = "<group>"; };
		633E7EA426A96D140091322D /* FavouriteButton.swift */ = {isa = PBXFileReference; lastKnownFileType = sourcecode.swift; path = FavouriteButton.swift; sourceTree = "<group>"; };
		634F13E726AE983700DE6C7B /* UIImage+initWithBundleImage.swift */ = {isa = PBXFileReference; lastKnownFileType = sourcecode.swift; path = "UIImage+initWithBundleImage.swift"; sourceTree = "<group>"; };
		634F13E926AEA0C600DE6C7B /* UIFont+customFonts.swift */ = {isa = PBXFileReference; lastKnownFileType = sourcecode.swift; path = "UIFont+customFonts.swift"; sourceTree = "<group>"; };
		634F13ED26AEC62200DE6C7B /* LocalSubcategory.swift */ = {isa = PBXFileReference; lastKnownFileType = sourcecode.swift; path = LocalSubcategory.swift; sourceTree = "<group>"; };
		638BAF24269ED21A00E8E75F /* ProximaNova-Bold.otf */ = {isa = PBXFileReference; lastKnownFileType = file; path = "ProximaNova-Bold.otf"; sourceTree = "<group>"; };
		638BAF25269ED21B00E8E75F /* ProximaNova-Medium.otf */ = {isa = PBXFileReference; lastKnownFileType = file; path = "ProximaNova-Medium.otf"; sourceTree = "<group>"; };
		638BAF26269ED21B00E8E75F /* ProximaNova-Semibold.otf */ = {isa = PBXFileReference; lastKnownFileType = file; path = "ProximaNova-Semibold.otf"; sourceTree = "<group>"; };
		638BAF2C269EDC9F00E8E75F /* HomePagePresenter.swift */ = {isa = PBXFileReference; lastKnownFileType = sourcecode.swift; path = HomePagePresenter.swift; sourceTree = "<group>"; };
		638BAF32269EE12F00E8E75F /* MovieResponse.swift */ = {isa = PBXFileReference; lastKnownFileType = sourcecode.swift; path = MovieResponse.swift; sourceTree = "<group>"; };
		63BD080F26A1C30900AF366A /* NetworkClient.swift */ = {isa = PBXFileReference; lastKnownFileType = sourcecode.swift; path = NetworkClient.swift; sourceTree = "<group>"; };
		63BD081126A1C31700AF366A /* NetworkClientProtocol.swift */ = {isa = PBXFileReference; lastKnownFileType = sourcecode.swift; path = NetworkClientProtocol.swift; sourceTree = "<group>"; };
		63BD081626A4AFA500AF366A /* MovieViewModel.swift */ = {isa = PBXFileReference; lastKnownFileType = sourcecode.swift; path = MovieViewModel.swift; sourceTree = "<group>"; };
		63BD081826A54B3D00AF366A /* AppRouter.swift */ = {isa = PBXFileReference; lastKnownFileType = sourcecode.swift; path = AppRouter.swift; sourceTree = "<group>"; };
		63BD081A26A54CE900AF366A /* MovieDetailViewController.swift */ = {isa = PBXFileReference; lastKnownFileType = sourcecode.swift; path = MovieDetailViewController.swift; sourceTree = "<group>"; };
		63BD081C26A5677C00AF366A /* RequestError+localizedDescription.swift */ = {isa = PBXFileReference; lastKnownFileType = sourcecode.swift; path = "RequestError+localizedDescription.swift"; sourceTree = "<group>"; };
		63C4380726B028B500C08E51 /* HomePageTwoPresenter.swift */ = {isa = PBXFileReference; lastKnownFileType = sourcecode.swift; path = HomePageTwoPresenter.swift; sourceTree = "<group>"; };
		63C4380926B029AA00C08E51 /* HomePageTwoDelegate.swift */ = {isa = PBXFileReference; lastKnownFileType = sourcecode.swift; path = HomePageTwoDelegate.swift; sourceTree = "<group>"; };
		63CC4867269DA89400AE3DDB /* DesignProtocol.swift */ = {isa = PBXFileReference; lastKnownFileType = sourcecode.swift; path = DesignProtocol.swift; sourceTree = "<group>"; };
		63CC4869269DA94D00AE3DDB /* HomePageViewController.swift */ = {isa = PBXFileReference; lastKnownFileType = sourcecode.swift; path = HomePageViewController.swift; sourceTree = "<group>"; };
		63CC486B269DA96A00AE3DDB /* HomePageViewController+Design.swift */ = {isa = PBXFileReference; lastKnownFileType = sourcecode.swift; path = "HomePageViewController+Design.swift"; sourceTree = "<group>"; };
		63CC4875269DB82100AE3DDB /* UIColor+CustomColors.swift */ = {isa = PBXFileReference; lastKnownFileType = sourcecode.swift; path = "UIColor+CustomColors.swift"; sourceTree = "<group>"; };
		63CC4877269E397D00AE3DDB /* MovieCell.swift */ = {isa = PBXFileReference; lastKnownFileType = sourcecode.swift; path = MovieCell.swift; sourceTree = "<group>"; };
		63CC4879269E448200AE3DDB /* MovieCell+Design.swift */ = {isa = PBXFileReference; lastKnownFileType = sourcecode.swift; path = "MovieCell+Design.swift"; sourceTree = "<group>"; };
		63DAA5D2269C7E210004F235 /* MovieApp.app */ = {isa = PBXFileReference; explicitFileType = wrapper.application; includeInIndex = 0; path = MovieApp.app; sourceTree = BUILT_PRODUCTS_DIR; };
		63DAA5D5269C7E210004F235 /* AppDelegate.swift */ = {isa = PBXFileReference; lastKnownFileType = sourcecode.swift; path = AppDelegate.swift; sourceTree = "<group>"; };
		63DAA5D7269C7E210004F235 /* SceneDelegate.swift */ = {isa = PBXFileReference; lastKnownFileType = sourcecode.swift; path = SceneDelegate.swift; sourceTree = "<group>"; };
		63DAA5DF269C7E210004F235 /* MovieApp.xcdatamodel */ = {isa = PBXFileReference; lastKnownFileType = wrapper.xcdatamodel; path = MovieApp.xcdatamodel; sourceTree = "<group>"; };
		63DAA5E1269C7E240004F235 /* Assets.xcassets */ = {isa = PBXFileReference; lastKnownFileType = folder.assetcatalog; path = Assets.xcassets; sourceTree = "<group>"; };
		63DAA5E6269C7E240004F235 /* Info.plist */ = {isa = PBXFileReference; lastKnownFileType = text.plist.xml; path = Info.plist; sourceTree = "<group>"; };
		63DD737326A9A38E004A6D8C /* CategoryCell.swift */ = {isa = PBXFileReference; lastKnownFileType = sourcecode.swift; path = CategoryCell.swift; sourceTree = "<group>"; };
		63DD737526A9A39E004A6D8C /* CategoryCell+Design.swift */ = {isa = PBXFileReference; lastKnownFileType = sourcecode.swift; path = "CategoryCell+Design.swift"; sourceTree = "<group>"; };
		63DD737726AA90F5004A6D8C /* CategoryViewModel.swift */ = {isa = PBXFileReference; lastKnownFileType = sourcecode.swift; path = CategoryViewModel.swift; sourceTree = "<group>"; };
/* End PBXFileReference section */

/* Begin PBXFrameworksBuildPhase section */
		63DAA5CF269C7E210004F235 /* Frameworks */ = {
			isa = PBXFrameworksBuildPhase;
			buildActionMask = 2147483647;
			files = (
				63BD081526A4A52B00AF366A /* Kingfisher in Frameworks */,
				63CC486F269DAB3400AE3DDB /* SnapKit in Frameworks */,
				63312C3326A05CDB004DB7B4 /* Alamofire in Frameworks */,
			);
			runOnlyForDeploymentPostprocessing = 0;
		};
/* End PBXFrameworksBuildPhase section */

/* Begin PBXGroup section */
		630CDD5926B3DB770052D290 /* MovieDetail */ = {
			isa = PBXGroup;
			children = (
				63BD081A26A54CE900AF366A /* MovieDetailViewController.swift */,
				630CDD5A26B3E9760052D290 /* MovieDetailViewController+Design.swift */,
				630CDD6426B40B3B0052D290 /* MovieDetailPresenter.swift */,
				630CDD8B26B93B120052D290 /* MovieDetailDelegate.swift */,
			);
			path = MovieDetail;
			sourceTree = "<group>";
		};
		630CDD5C26B3F4160052D290 /* DetailScreen */ = {
			isa = PBXGroup;
			children = (
				630CDD8226B8225C0052D290 /* ReviewView */,
				630CDD7526B716130052D290 /* RecommendationsView */,
				630CDD6A26B434EC0052D290 /* CastView */,
				630CDD5D26B3F42E0052D290 /* TitleView */,
			);
			path = DetailScreen;
			sourceTree = "<group>";
		};
		630CDD5D26B3F42E0052D290 /* TitleView */ = {
			isa = PBXGroup;
			children = (
				630CDD5E26B3F47D0052D290 /* DetailTitleView.swift */,
				630CDD6026B3F4B00052D290 /* DetailTitleView+Design.swift */,
				630CDD7E26B7D4B30052D290 /* ProgressBarView.swift */,
				630CDD8026B7ED840052D290 /* ProgressBarView+Design.swift */,
			);
			path = TitleView;
			sourceTree = "<group>";
		};
		630CDD6A26B434EC0052D290 /* CastView */ = {
			isa = PBXGroup;
			children = (
				630CDD6B26B4350D0052D290 /* CastView.swift */,
				630CDD6D26B435E20052D290 /* CastView+Design.swift */,
				630CDD6F26B43B500052D290 /* CastCell.swift */,
				630CDD7326B43CBC0052D290 /* CastCell+Design.swift */,
			);
			path = CastView;
			sourceTree = "<group>";
		};
		630CDD7526B716130052D290 /* RecommendationsView */ = {
			isa = PBXGroup;
			children = (
				630CDD7626B716290052D290 /* RecommendationsView.swift */,
				630CDD7826B717CE0052D290 /* RecommendationsView+Design.swift */,
				630CDD7A26B719700052D290 /* RecommendationCell.swift */,
				630CDD7C26B71A5F0052D290 /* RecommendationCell+Design.swift */,
			);
			path = RecommendationsView;
			sourceTree = "<group>";
		};
		630CDD8226B8225C0052D290 /* ReviewView */ = {
			isa = PBXGroup;
			children = (
				630CDD8326B8226C0052D290 /* ReviewView.swift */,
				630CDD8526B8227B0052D290 /* ReviewView+Design.swift */,
			);
			path = ReviewView;
			sourceTree = "<group>";
		};
		633E7E6926A6B4400091322D /* App */ = {
			isa = PBXGroup;
			children = (
				63DAA5D5269C7E210004F235 /* AppDelegate.swift */,
				63DAA5D7269C7E210004F235 /* SceneDelegate.swift */,
				633E7E6A26A6B46B0091322D /* Coordinator */,
				633E7E6C26A6B4810091322D /* Core */,
				633E7E6D26A6B48A0091322D /* CoreUI */,
				633E7E7726A6B9470091322D /* Repository */,
				633E7E6E26A6B4930091322D /* Features */,
				633E7E7826A6B95C0091322D /* NetworkDataSource */,
				633E7E6B26A6B4750091322D /* Networking */,
				633E7E7626A6B9350091322D /* UseCase */,
			);
			path = App;
			sourceTree = "<group>";
		};
		633E7E6A26A6B46B0091322D /* Coordinator */ = {
			isa = PBXGroup;
			children = (
				63BD081826A54B3D00AF366A /* AppRouter.swift */,
			);
			path = Coordinator;
			sourceTree = "<group>";
		};
		633E7E6B26A6B4750091322D /* Networking */ = {
			isa = PBXGroup;
			children = (
				63BD080F26A1C30900AF366A /* NetworkClient.swift */,
				63BD081126A1C31700AF366A /* NetworkClientProtocol.swift */,
				63312C3726A1711D004DB7B4 /* RequestError.swift */,
				63BD081C26A5677C00AF366A /* RequestError+localizedDescription.swift */,
			);
			path = Networking;
			sourceTree = "<group>";
		};
		633E7E6C26A6B4810091322D /* Core */ = {
			isa = PBXGroup;
			children = (
				63CC4867269DA89400AE3DDB /* DesignProtocol.swift */,
				634F13ED26AEC62200DE6C7B /* LocalSubcategory.swift */,
				63019A2326B1245A00584356 /* LocalCategory.swift */,
			);
			path = Core;
			sourceTree = "<group>";
		};
		633E7E6D26A6B48A0091322D /* CoreUI */ = {
			isa = PBXGroup;
			children = (
				633E7E8326A6BF190091322D /* BundleImage.swift */,
				633E7E6F26A6B52C0091322D /* Extensions */,
				638BAF23269ED1EB00E8E75F /* Fonts */,
			);
			path = CoreUI;
			sourceTree = "<group>";
		};
		633E7E6E26A6B4930091322D /* Features */ = {
			isa = PBXGroup;
			children = (
				633E7E7026A6B5A70091322D /* MovieBrowser */,
			);
			path = Features;
			sourceTree = "<group>";
		};
		633E7E6F26A6B52C0091322D /* Extensions */ = {
			isa = PBXGroup;
			children = (
				63CC4875269DB82100AE3DDB /* UIColor+CustomColors.swift */,
				633E7E8526A6DCBF0091322D /* UITabBarController+styleMovieTabBar.swift */,
				634F13E726AE983700DE6C7B /* UIImage+initWithBundleImage.swift */,
				634F13E926AEA0C600DE6C7B /* UIFont+customFonts.swift */,
				63019A2926B17AC200584356 /* UIStackView.swift */,
				630CDD6826B4330E0052D290 /* UILabel+setLineSpacing.swift */,
			);
			path = Extensions;
			sourceTree = "<group>";
		};
		633E7E7026A6B5A70091322D /* MovieBrowser */ = {
			isa = PBXGroup;
			children = (
				633E7E7226A6B5CF0091322D /* Components */,
				633E7E7126A6B5C10091322D /* MoviesViewController */,
				633E7E7326A6B7940091322D /* NetworkClient */,
			);
			path = MovieBrowser;
			sourceTree = "<group>";
		};
		633E7E7126A6B5C10091322D /* MoviesViewController */ = {
			isa = PBXGroup;
			children = (
				630CDD5926B3DB770052D290 /* MovieDetail */,
				633E7E7E26A6BD300091322D /* Favourites */,
				633E7E7D26A6BD270091322D /* HomePage2 */,
				633E7E7C26A6BD030091322D /* HomePage1 */,
				633E7E7426A6B7BB0091322D /* ViewModels */,
			);
			path = MoviesViewController;
			sourceTree = "<group>";
		};
		633E7E7226A6B5CF0091322D /* Components */ = {
			isa = PBXGroup;
			children = (
				630CDD5C26B3F4160052D290 /* DetailScreen */,
				63DD737226A9A242004A6D8C /* TableViewCategoryCell */,
				633E7E9F26A9691A0091322D /* MovieCollectionViewCell */,
				633E7E9626A9423B0091322D /* SubcategoryView */,
				633E7E9426A942040091322D /* MovieCellHPv1 */,
				633E7E9326A941F40091322D /* MovieSearchBar */,
			);
			path = Components;
			sourceTree = "<group>";
		};
		633E7E7326A6B7940091322D /* NetworkClient */ = {
			isa = PBXGroup;
			children = (
				63312C3926A17409004DB7B4 /* MovieClient.swift */,
				63312C3B26A1748A004DB7B4 /* MovieClientProtocol.swift */,
				633E7E7526A6B8590091322D /* Model */,
			);
			path = NetworkClient;
			sourceTree = "<group>";
		};
		633E7E7426A6B7BB0091322D /* ViewModels */ = {
			isa = PBXGroup;
			children = (
				63BD081626A4AFA500AF366A /* MovieViewModel.swift */,
				63DD737726AA90F5004A6D8C /* CategoryViewModel.swift */,
				630CDD6226B3F6A70052D290 /* DetailTitleViewModel.swift */,
				630CDD7126B43C280052D290 /* CastViewModel.swift */,
				630CDD8726B824FF0052D290 /* ReviewViewModel.swift */,
			);
			path = ViewModels;
			sourceTree = "<group>";
		};
		633E7E7526A6B8590091322D /* Model */ = {
			isa = PBXGroup;
			children = (
				638BAF32269EE12F00E8E75F /* MovieResponse.swift */,
				63019A2B26B1854C00584356 /* TVShowResponse.swift */,
				630CDD8D26B95B9E0052D290 /* MovieDetailResponse.swift */,
				630CDD8F26B95FD50052D290 /* GenreResponse.swift */,
			);
			path = Model;
			sourceTree = "<group>";
		};
		633E7E7626A6B9350091322D /* UseCase */ = {
			isa = PBXGroup;
			children = (
				633E7E5426A598B00091322D /* MoviesUseCase.swift */,
				633E7E5626A598C00091322D /* MoviesUseCaseProtocol.swift */,
				633E7E7B26A6BADE0091322D /* Model */,
			);
			path = UseCase;
			sourceTree = "<group>";
		};
		633E7E7726A6B9470091322D /* Repository */ = {
			isa = PBXGroup;
			children = (
				633E7E5026A592C50091322D /* MovieRepository.swift */,
				633E7E5226A592DB0091322D /* MovieRepositoryProtocol.swift */,
				633E7E7A26A6BACE0091322D /* Model */,
			);
			path = Repository;
			sourceTree = "<group>";
		};
		633E7E7826A6B95C0091322D /* NetworkDataSource */ = {
			isa = PBXGroup;
			children = (
				633E7E5D26A5C36D0091322D /* MovieNetworkDataSource.swift */,
				633E7E5F26A5C3A90091322D /* MovieNetworkDataSourceProtocol.swift */,
				633E7E7926A6BAC10091322D /* Model */,
			);
			path = NetworkDataSource;
			sourceTree = "<group>";
		};
		633E7E7926A6BAC10091322D /* Model */ = {
			isa = PBXGroup;
			children = (
				633E7E6326A6A3970091322D /* MovieDataModel.swift */,
			);
			path = Model;
			sourceTree = "<group>";
		};
		633E7E7A26A6BACE0091322D /* Model */ = {
			isa = PBXGroup;
			children = (
				633E7E6526A6A55F0091322D /* MovieRepoModel.swift */,
			);
			path = Model;
			sourceTree = "<group>";
		};
		633E7E7B26A6BADE0091322D /* Model */ = {
			isa = PBXGroup;
			children = (
				633E7E6726A6A7520091322D /* MovieModel.swift */,
			);
			path = Model;
			sourceTree = "<group>";
		};
		633E7E7C26A6BD030091322D /* HomePage1 */ = {
			isa = PBXGroup;
			children = (
				63CC4869269DA94D00AE3DDB /* HomePageViewController.swift */,
				63CC486B269DA96A00AE3DDB /* HomePageViewController+Design.swift */,
				638BAF2C269EDC9F00E8E75F /* HomePagePresenter.swift */,
				633E7E5926A5A9A40091322D /* HomePageDelegate.swift */,
			);
			path = HomePage1;
			sourceTree = "<group>";
		};
		633E7E7D26A6BD270091322D /* HomePage2 */ = {
			isa = PBXGroup;
			children = (
				633E7E7F26A6BD580091322D /* HomePageTwoViewController.swift */,
				633E7E8926A70C090091322D /* HomePageTwoViewController+Design.swift */,
				63C4380726B028B500C08E51 /* HomePageTwoPresenter.swift */,
				63C4380926B029AA00C08E51 /* HomePageTwoDelegate.swift */,
			);
			path = HomePage2;
			sourceTree = "<group>";
		};
		633E7E7E26A6BD300091322D /* Favourites */ = {
			isa = PBXGroup;
			children = (
				633E7E8126A6BD9E0091322D /* FavouritesViewController.swift */,
			);
			path = Favourites;
			sourceTree = "<group>";
		};
		633E7E9326A941F40091322D /* MovieSearchBar */ = {
			isa = PBXGroup;
			children = (
				633E7E8F26A800A00091322D /* MovieSearchBar.swift */,
				633E7E9126A8123E0091322D /* MovieSearchBar+Design.swift */,
			);
			path = MovieSearchBar;
			sourceTree = "<group>";
		};
		633E7E9426A942040091322D /* MovieCellHPv1 */ = {
			isa = PBXGroup;
			children = (
				63CC4877269E397D00AE3DDB /* MovieCell.swift */,
				63CC4879269E448200AE3DDB /* MovieCell+Design.swift */,
			);
			path = MovieCellHPv1;
			sourceTree = "<group>";
		};
		633E7E9626A9423B0091322D /* SubcategoryView */ = {
			isa = PBXGroup;
			children = (
				633E7E9926A942CD0091322D /* SubcategoryView.swift */,
				633E7E9726A942770091322D /* SubcategoryView+Design.swift */,
			);
			path = SubcategoryView;
			sourceTree = "<group>";
		};
		633E7E9F26A9691A0091322D /* MovieCollectionViewCell */ = {
			isa = PBXGroup;
			children = (
				633E7EA026A96A0D0091322D /* NewMovieCell.swift */,
				633E7EA226A96A3C0091322D /* NewMovieCell+Design.swift */,
				633E7EA426A96D140091322D /* FavouriteButton.swift */,
			);
			path = MovieCollectionViewCell;
			sourceTree = "<group>";
		};
		638BAF23269ED1EB00E8E75F /* Fonts */ = {
			isa = PBXGroup;
			children = (
				638BAF24269ED21A00E8E75F /* ProximaNova-Bold.otf */,
				638BAF25269ED21B00E8E75F /* ProximaNova-Medium.otf */,
				638BAF26269ED21B00E8E75F /* ProximaNova-Semibold.otf */,
			);
			path = Fonts;
			sourceTree = "<group>";
		};
		63DAA5C9269C7E210004F235 = {
			isa = PBXGroup;
			children = (
				63DAA5D4269C7E210004F235 /* MovieApp */,
				63DAA5D3269C7E210004F235 /* Products */,
			);
			sourceTree = "<group>";
		};
		63DAA5D3269C7E210004F235 /* Products */ = {
			isa = PBXGroup;
			children = (
				63DAA5D2269C7E210004F235 /* MovieApp.app */,
			);
			name = Products;
			sourceTree = "<group>";
		};
		63DAA5D4269C7E210004F235 /* MovieApp */ = {
			isa = PBXGroup;
			children = (
				633E7E6926A6B4400091322D /* App */,
				63DAA5E1269C7E240004F235 /* Assets.xcassets */,
				63312C3526A168E3004DB7B4 /* Genre.swift */,
				63DAA5E6269C7E240004F235 /* Info.plist */,
				63DAA5DE269C7E210004F235 /* MovieApp.xcdatamodeld */,
			);
			path = MovieApp;
			sourceTree = "<group>";
		};
		63DD737226A9A242004A6D8C /* TableViewCategoryCell */ = {
			isa = PBXGroup;
			children = (
				63DD737326A9A38E004A6D8C /* CategoryCell.swift */,
				63DD737526A9A39E004A6D8C /* CategoryCell+Design.swift */,
				63019A2526B1281300584356 /* CategoryCellDelegate.swift */,
			);
			path = TableViewCategoryCell;
			sourceTree = "<group>";
		};
/* End PBXGroup section */

/* Begin PBXNativeTarget section */
		63DAA5D1269C7E210004F235 /* MovieApp */ = {
			isa = PBXNativeTarget;
			buildConfigurationList = 63DAA5E9269C7E240004F235 /* Build configuration list for PBXNativeTarget "MovieApp" */;
			buildPhases = (
				63DAA5CE269C7E210004F235 /* Sources */,
				63DAA5CF269C7E210004F235 /* Frameworks */,
				63DAA5D0269C7E210004F235 /* Resources */,
			);
			buildRules = (
			);
			dependencies = (
			);
			name = MovieApp;
			packageProductDependencies = (
				63CC486E269DAB3400AE3DDB /* SnapKit */,
				63312C3226A05CDB004DB7B4 /* Alamofire */,
				63BD081426A4A52B00AF366A /* Kingfisher */,
			);
			productName = MovieApp;
			productReference = 63DAA5D2269C7E210004F235 /* MovieApp.app */;
			productType = "com.apple.product-type.application";
		};
/* End PBXNativeTarget section */

/* Begin PBXProject section */
		63DAA5CA269C7E210004F235 /* Project object */ = {
			isa = PBXProject;
			attributes = {
				LastSwiftUpdateCheck = 1250;
				LastUpgradeCheck = 1250;
				TargetAttributes = {
					63DAA5D1269C7E210004F235 = {
						CreatedOnToolsVersion = 12.5;
					};
				};
			};
			buildConfigurationList = 63DAA5CD269C7E210004F235 /* Build configuration list for PBXProject "MovieApp" */;
			compatibilityVersion = "Xcode 9.3";
			developmentRegion = en;
			hasScannedForEncodings = 0;
			knownRegions = (
				en,
				Base,
			);
			mainGroup = 63DAA5C9269C7E210004F235;
			packageReferences = (
				63CC486D269DAB3400AE3DDB /* XCRemoteSwiftPackageReference "SnapKit" */,
				63312C3126A05CDB004DB7B4 /* XCRemoteSwiftPackageReference "Alamofire" */,
				63BD081326A4A52B00AF366A /* XCRemoteSwiftPackageReference "Kingfisher" */,
			);
			productRefGroup = 63DAA5D3269C7E210004F235 /* Products */;
			projectDirPath = "";
			projectRoot = "";
			targets = (
				63DAA5D1269C7E210004F235 /* MovieApp */,
			);
		};
/* End PBXProject section */

/* Begin PBXResourcesBuildPhase section */
		63DAA5D0269C7E210004F235 /* Resources */ = {
			isa = PBXResourcesBuildPhase;
			buildActionMask = 2147483647;
			files = (
				63DAA5E2269C7E240004F235 /* Assets.xcassets in Resources */,
				638BAF29269ED21B00E8E75F /* ProximaNova-Semibold.otf in Resources */,
				638BAF27269ED21B00E8E75F /* ProximaNova-Bold.otf in Resources */,
				638BAF28269ED21B00E8E75F /* ProximaNova-Medium.otf in Resources */,
			);
			runOnlyForDeploymentPostprocessing = 0;
		};
/* End PBXResourcesBuildPhase section */

/* Begin PBXSourcesBuildPhase section */
		63DAA5CE269C7E210004F235 /* Sources */ = {
			isa = PBXSourcesBuildPhase;
			buildActionMask = 2147483647;
			files = (
				633E7E8226A6BD9E0091322D /* FavouritesViewController.swift in Sources */,
				630CDD7226B43C280052D290 /* CastViewModel.swift in Sources */,
				63019A2C26B1854C00584356 /* TVShowResponse.swift in Sources */,
				63DD737626A9A39E004A6D8C /* CategoryCell+Design.swift in Sources */,
				630CDD7D26B71A5F0052D290 /* RecommendationCell+Design.swift in Sources */,
				633E7E5726A598C00091322D /* MoviesUseCaseProtocol.swift in Sources */,
				630CDD8126B7ED840052D290 /* ProgressBarView+Design.swift in Sources */,
				634F13EE26AEC62200DE6C7B /* LocalSubcategory.swift in Sources */,
				633E7E9826A942770091322D /* SubcategoryView+Design.swift in Sources */,
				638BAF33269EE12F00E8E75F /* MovieResponse.swift in Sources */,
				63312C3C26A1748A004DB7B4 /* MovieClientProtocol.swift in Sources */,
				63CC487A269E448200AE3DDB /* MovieCell+Design.swift in Sources */,
				633E7E5526A598B00091322D /* MoviesUseCase.swift in Sources */,
				63312C3A26A1740A004DB7B4 /* MovieClient.swift in Sources */,
				633E7E6426A6A3970091322D /* MovieDataModel.swift in Sources */,
				633E7E9226A8123E0091322D /* MovieSearchBar+Design.swift in Sources */,
				634F13EA26AEA0C600DE6C7B /* UIFont+customFonts.swift in Sources */,
				633E7E8426A6BF190091322D /* BundleImage.swift in Sources */,
				633E7E5326A592DB0091322D /* MovieRepositoryProtocol.swift in Sources */,
				630CDD8626B8227B0052D290 /* ReviewView+Design.swift in Sources */,
				630CDD6326B3F6A70052D290 /* DetailTitleViewModel.swift in Sources */,
				63DAA5D6269C7E210004F235 /* AppDelegate.swift in Sources */,
				63CC4878269E397D00AE3DDB /* MovieCell.swift in Sources */,
				63C4380826B028B500C08E51 /* HomePageTwoPresenter.swift in Sources */,
				633E7E8626A6DCBF0091322D /* UITabBarController+styleMovieTabBar.swift in Sources */,
				633E7E9026A800A00091322D /* MovieSearchBar.swift in Sources */,
				630CDD8C26B93B120052D290 /* MovieDetailDelegate.swift in Sources */,
				633E7E6626A6A55F0091322D /* MovieRepoModel.swift in Sources */,
				63BD081726A4AFA500AF366A /* MovieViewModel.swift in Sources */,
				630CDD6526B40B3B0052D290 /* MovieDetailPresenter.swift in Sources */,
				63CC486A269DA94D00AE3DDB /* HomePageViewController.swift in Sources */,
				630CDD7B26B719700052D290 /* RecommendationCell.swift in Sources */,
				630CDD6E26B435E20052D290 /* CastView+Design.swift in Sources */,
				630CDD7926B717CE0052D290 /* RecommendationsView+Design.swift in Sources */,
				63C4380A26B029AA00C08E51 /* HomePageTwoDelegate.swift in Sources */,
				633E7E8A26A70C090091322D /* HomePageTwoViewController+Design.swift in Sources */,
				630CDD7726B716290052D290 /* RecommendationsView.swift in Sources */,
				633E7E6826A6A7520091322D /* MovieModel.swift in Sources */,
				63BD081D26A5677C00AF366A /* RequestError+localizedDescription.swift in Sources */,
				630CDD7F26B7D4B30052D290 /* ProgressBarView.swift in Sources */,
				630CDD9026B95FD50052D290 /* GenreResponse.swift in Sources */,
				633E7EA126A96A0D0091322D /* NewMovieCell.swift in Sources */,
				63BD081B26A54CE900AF366A /* MovieDetailViewController.swift in Sources */,
				63BD081026A1C30900AF366A /* NetworkClient.swift in Sources */,
				633E7E5E26A5C36D0091322D /* MovieNetworkDataSource.swift in Sources */,
				633E7E6026A5C3A90091322D /* MovieNetworkDataSourceProtocol.swift in Sources */,
				63019A2A26B17AC200584356 /* UIStackView.swift in Sources */,
				63DD737426A9A38E004A6D8C /* CategoryCell.swift in Sources */,
				630CDD7026B43B500052D290 /* CastCell.swift in Sources */,
				633E7E9A26A942CD0091322D /* SubcategoryView.swift in Sources */,
				63CC486C269DA96A00AE3DDB /* HomePageViewController+Design.swift in Sources */,
				630CDD8826B824FF0052D290 /* ReviewViewModel.swift in Sources */,
				633E7EA526A96D140091322D /* FavouriteButton.swift in Sources */,
				633E7E5126A592C50091322D /* MovieRepository.swift in Sources */,
				63DAA5E0269C7E210004F235 /* MovieApp.xcdatamodeld in Sources */,
				63CC4868269DA89400AE3DDB /* DesignProtocol.swift in Sources */,
				63019A2426B1245A00584356 /* LocalCategory.swift in Sources */,
				634F13E826AE983700DE6C7B /* UIImage+initWithBundleImage.swift in Sources */,
				630CDD5F26B3F47D0052D290 /* DetailTitleView.swift in Sources */,
				63312C3626A168E3004DB7B4 /* Genre.swift in Sources */,
				630CDD6C26B4350D0052D290 /* CastView.swift in Sources */,
				63DAA5D8269C7E210004F235 /* SceneDelegate.swift in Sources */,
				630CDD6126B3F4B00052D290 /* DetailTitleView+Design.swift in Sources */,
				638BAF2D269EDC9F00E8E75F /* HomePagePresenter.swift in Sources */,
				63CC4876269DB82100AE3DDB /* UIColor+CustomColors.swift in Sources */,
				63DD737826AA90F5004A6D8C /* CategoryViewModel.swift in Sources */,
				630CDD5B26B3E9760052D290 /* MovieDetailViewController+Design.swift in Sources */,
				63019A2626B1281300584356 /* CategoryCellDelegate.swift in Sources */,
				630CDD8E26B95B9E0052D290 /* MovieDetailResponse.swift in Sources */,
				630CDD6926B4330E0052D290 /* UILabel+setLineSpacing.swift in Sources */,
				630CDD8426B8226C0052D290 /* ReviewView.swift in Sources */,
				63312C3826A1711D004DB7B4 /* RequestError.swift in Sources */,
				633E7E5A26A5A9A40091322D /* HomePageDelegate.swift in Sources */,
				633E7EA326A96A3C0091322D /* NewMovieCell+Design.swift in Sources */,
				63BD081926A54B3D00AF366A /* AppRouter.swift in Sources */,
				630CDD7426B43CBC0052D290 /* CastCell+Design.swift in Sources */,
				633E7E8026A6BD580091322D /* HomePageTwoViewController.swift in Sources */,
				63BD081226A1C31700AF366A /* NetworkClientProtocol.swift in Sources */,
			);
			runOnlyForDeploymentPostprocessing = 0;
		};
/* End PBXSourcesBuildPhase section */

/* Begin XCBuildConfiguration section */
		63DAA5E7269C7E240004F235 /* Debug */ = {
			isa = XCBuildConfiguration;
			buildSettings = {
				ALWAYS_SEARCH_USER_PATHS = NO;
				CLANG_ANALYZER_NONNULL = YES;
				CLANG_ANALYZER_NUMBER_OBJECT_CONVERSION = YES_AGGRESSIVE;
				CLANG_CXX_LANGUAGE_STANDARD = "gnu++14";
				CLANG_CXX_LIBRARY = "libc++";
				CLANG_ENABLE_MODULES = YES;
				CLANG_ENABLE_OBJC_ARC = YES;
				CLANG_ENABLE_OBJC_WEAK = YES;
				CLANG_WARN_BLOCK_CAPTURE_AUTORELEASING = YES;
				CLANG_WARN_BOOL_CONVERSION = YES;
				CLANG_WARN_COMMA = YES;
				CLANG_WARN_CONSTANT_CONVERSION = YES;
				CLANG_WARN_DEPRECATED_OBJC_IMPLEMENTATIONS = YES;
				CLANG_WARN_DIRECT_OBJC_ISA_USAGE = YES_ERROR;
				CLANG_WARN_DOCUMENTATION_COMMENTS = YES;
				CLANG_WARN_EMPTY_BODY = YES;
				CLANG_WARN_ENUM_CONVERSION = YES;
				CLANG_WARN_INFINITE_RECURSION = YES;
				CLANG_WARN_INT_CONVERSION = YES;
				CLANG_WARN_NON_LITERAL_NULL_CONVERSION = YES;
				CLANG_WARN_OBJC_IMPLICIT_RETAIN_SELF = YES;
				CLANG_WARN_OBJC_LITERAL_CONVERSION = YES;
				CLANG_WARN_OBJC_ROOT_CLASS = YES_ERROR;
				CLANG_WARN_QUOTED_INCLUDE_IN_FRAMEWORK_HEADER = YES;
				CLANG_WARN_RANGE_LOOP_ANALYSIS = YES;
				CLANG_WARN_STRICT_PROTOTYPES = YES;
				CLANG_WARN_SUSPICIOUS_MOVE = YES;
				CLANG_WARN_UNGUARDED_AVAILABILITY = YES_AGGRESSIVE;
				CLANG_WARN_UNREACHABLE_CODE = YES;
				CLANG_WARN__DUPLICATE_METHOD_MATCH = YES;
				COPY_PHASE_STRIP = NO;
				DEBUG_INFORMATION_FORMAT = dwarf;
				ENABLE_STRICT_OBJC_MSGSEND = YES;
				ENABLE_TESTABILITY = YES;
				GCC_C_LANGUAGE_STANDARD = gnu11;
				GCC_DYNAMIC_NO_PIC = NO;
				GCC_NO_COMMON_BLOCKS = YES;
				GCC_OPTIMIZATION_LEVEL = 0;
				GCC_PREPROCESSOR_DEFINITIONS = (
					"DEBUG=1",
					"$(inherited)",
				);
				GCC_WARN_64_TO_32_BIT_CONVERSION = YES;
				GCC_WARN_ABOUT_RETURN_TYPE = YES_ERROR;
				GCC_WARN_UNDECLARED_SELECTOR = YES;
				GCC_WARN_UNINITIALIZED_AUTOS = YES_AGGRESSIVE;
				GCC_WARN_UNUSED_FUNCTION = YES;
				GCC_WARN_UNUSED_VARIABLE = YES;
				IPHONEOS_DEPLOYMENT_TARGET = 14.5;
				MTL_ENABLE_DEBUG_INFO = INCLUDE_SOURCE;
				MTL_FAST_MATH = YES;
				ONLY_ACTIVE_ARCH = YES;
				SDKROOT = iphoneos;
				SWIFT_ACTIVE_COMPILATION_CONDITIONS = DEBUG;
				SWIFT_OPTIMIZATION_LEVEL = "-Onone";
			};
			name = Debug;
		};
		63DAA5E8269C7E240004F235 /* Release */ = {
			isa = XCBuildConfiguration;
			buildSettings = {
				ALWAYS_SEARCH_USER_PATHS = NO;
				CLANG_ANALYZER_NONNULL = YES;
				CLANG_ANALYZER_NUMBER_OBJECT_CONVERSION = YES_AGGRESSIVE;
				CLANG_CXX_LANGUAGE_STANDARD = "gnu++14";
				CLANG_CXX_LIBRARY = "libc++";
				CLANG_ENABLE_MODULES = YES;
				CLANG_ENABLE_OBJC_ARC = YES;
				CLANG_ENABLE_OBJC_WEAK = YES;
				CLANG_WARN_BLOCK_CAPTURE_AUTORELEASING = YES;
				CLANG_WARN_BOOL_CONVERSION = YES;
				CLANG_WARN_COMMA = YES;
				CLANG_WARN_CONSTANT_CONVERSION = YES;
				CLANG_WARN_DEPRECATED_OBJC_IMPLEMENTATIONS = YES;
				CLANG_WARN_DIRECT_OBJC_ISA_USAGE = YES_ERROR;
				CLANG_WARN_DOCUMENTATION_COMMENTS = YES;
				CLANG_WARN_EMPTY_BODY = YES;
				CLANG_WARN_ENUM_CONVERSION = YES;
				CLANG_WARN_INFINITE_RECURSION = YES;
				CLANG_WARN_INT_CONVERSION = YES;
				CLANG_WARN_NON_LITERAL_NULL_CONVERSION = YES;
				CLANG_WARN_OBJC_IMPLICIT_RETAIN_SELF = YES;
				CLANG_WARN_OBJC_LITERAL_CONVERSION = YES;
				CLANG_WARN_OBJC_ROOT_CLASS = YES_ERROR;
				CLANG_WARN_QUOTED_INCLUDE_IN_FRAMEWORK_HEADER = YES;
				CLANG_WARN_RANGE_LOOP_ANALYSIS = YES;
				CLANG_WARN_STRICT_PROTOTYPES = YES;
				CLANG_WARN_SUSPICIOUS_MOVE = YES;
				CLANG_WARN_UNGUARDED_AVAILABILITY = YES_AGGRESSIVE;
				CLANG_WARN_UNREACHABLE_CODE = YES;
				CLANG_WARN__DUPLICATE_METHOD_MATCH = YES;
				COPY_PHASE_STRIP = NO;
				DEBUG_INFORMATION_FORMAT = "dwarf-with-dsym";
				ENABLE_NS_ASSERTIONS = NO;
				ENABLE_STRICT_OBJC_MSGSEND = YES;
				GCC_C_LANGUAGE_STANDARD = gnu11;
				GCC_NO_COMMON_BLOCKS = YES;
				GCC_WARN_64_TO_32_BIT_CONVERSION = YES;
				GCC_WARN_ABOUT_RETURN_TYPE = YES_ERROR;
				GCC_WARN_UNDECLARED_SELECTOR = YES;
				GCC_WARN_UNINITIALIZED_AUTOS = YES_AGGRESSIVE;
				GCC_WARN_UNUSED_FUNCTION = YES;
				GCC_WARN_UNUSED_VARIABLE = YES;
				IPHONEOS_DEPLOYMENT_TARGET = 14.5;
				MTL_ENABLE_DEBUG_INFO = NO;
				MTL_FAST_MATH = YES;
				SDKROOT = iphoneos;
				SWIFT_COMPILATION_MODE = wholemodule;
				SWIFT_OPTIMIZATION_LEVEL = "-O";
				VALIDATE_PRODUCT = YES;
			};
			name = Release;
		};
		63DAA5EA269C7E240004F235 /* Debug */ = {
			isa = XCBuildConfiguration;
			buildSettings = {
				ASSETCATALOG_COMPILER_APPICON_NAME = AppIcon;
				ASSETCATALOG_COMPILER_GLOBAL_ACCENT_COLOR_NAME = AccentColor;
				CODE_SIGN_STYLE = Automatic;
				DEVELOPMENT_TEAM = U9LSYL6BJC;
				INFOPLIST_FILE = MovieApp/Info.plist;
				LD_RUNPATH_SEARCH_PATHS = (
					"$(inherited)",
					"@executable_path/Frameworks",
				);
				PRODUCT_BUNDLE_IDENTIFIER = hr.five.Onboarding.MovieApp;
				PRODUCT_NAME = "$(TARGET_NAME)";
				SWIFT_VERSION = 5.0;
				TARGETED_DEVICE_FAMILY = "1,2";
			};
			name = Debug;
		};
		63DAA5EB269C7E240004F235 /* Release */ = {
			isa = XCBuildConfiguration;
			buildSettings = {
				ASSETCATALOG_COMPILER_APPICON_NAME = AppIcon;
				ASSETCATALOG_COMPILER_GLOBAL_ACCENT_COLOR_NAME = AccentColor;
				CODE_SIGN_STYLE = Automatic;
				DEVELOPMENT_TEAM = U9LSYL6BJC;
				INFOPLIST_FILE = MovieApp/Info.plist;
				LD_RUNPATH_SEARCH_PATHS = (
					"$(inherited)",
					"@executable_path/Frameworks",
				);
				PRODUCT_BUNDLE_IDENTIFIER = hr.five.Onboarding.MovieApp;
				PRODUCT_NAME = "$(TARGET_NAME)";
				SWIFT_VERSION = 5.0;
				TARGETED_DEVICE_FAMILY = "1,2";
			};
			name = Release;
		};
/* End XCBuildConfiguration section */

/* Begin XCConfigurationList section */
		63DAA5CD269C7E210004F235 /* Build configuration list for PBXProject "MovieApp" */ = {
			isa = XCConfigurationList;
			buildConfigurations = (
				63DAA5E7269C7E240004F235 /* Debug */,
				63DAA5E8269C7E240004F235 /* Release */,
			);
			defaultConfigurationIsVisible = 0;
			defaultConfigurationName = Release;
		};
		63DAA5E9269C7E240004F235 /* Build configuration list for PBXNativeTarget "MovieApp" */ = {
			isa = XCConfigurationList;
			buildConfigurations = (
				63DAA5EA269C7E240004F235 /* Debug */,
				63DAA5EB269C7E240004F235 /* Release */,
			);
			defaultConfigurationIsVisible = 0;
			defaultConfigurationName = Release;
		};
/* End XCConfigurationList section */

/* Begin XCRemoteSwiftPackageReference section */
		63312C3126A05CDB004DB7B4 /* XCRemoteSwiftPackageReference "Alamofire" */ = {
			isa = XCRemoteSwiftPackageReference;
			repositoryURL = "https://github.com/Alamofire/Alamofire.git";
			requirement = {
				kind = upToNextMinorVersion;
				minimumVersion = 5.4.3;
			};
		};
		63BD081326A4A52B00AF366A /* XCRemoteSwiftPackageReference "Kingfisher" */ = {
			isa = XCRemoteSwiftPackageReference;
			repositoryURL = "https://github.com/onevcat/Kingfisher.git";
			requirement = {
				kind = upToNextMinorVersion;
				minimumVersion = 6.3.0;
			};
		};
		63CC486D269DAB3400AE3DDB /* XCRemoteSwiftPackageReference "SnapKit" */ = {
			isa = XCRemoteSwiftPackageReference;
			repositoryURL = "https://github.com/SnapKit/SnapKit.git";
			requirement = {
				kind = upToNextMinorVersion;
				minimumVersion = 5.0.1;
			};
		};
/* End XCRemoteSwiftPackageReference section */

/* Begin XCSwiftPackageProductDependency section */
		63312C3226A05CDB004DB7B4 /* Alamofire */ = {
			isa = XCSwiftPackageProductDependency;
			package = 63312C3126A05CDB004DB7B4 /* XCRemoteSwiftPackageReference "Alamofire" */;
			productName = Alamofire;
		};
		63BD081426A4A52B00AF366A /* Kingfisher */ = {
			isa = XCSwiftPackageProductDependency;
			package = 63BD081326A4A52B00AF366A /* XCRemoteSwiftPackageReference "Kingfisher" */;
			productName = Kingfisher;
		};
		63CC486E269DAB3400AE3DDB /* SnapKit */ = {
			isa = XCSwiftPackageProductDependency;
			package = 63CC486D269DAB3400AE3DDB /* XCRemoteSwiftPackageReference "SnapKit" */;
			productName = SnapKit;
		};
/* End XCSwiftPackageProductDependency section */

/* Begin XCVersionGroup section */
		63DAA5DE269C7E210004F235 /* MovieApp.xcdatamodeld */ = {
			isa = XCVersionGroup;
			children = (
				63DAA5DF269C7E210004F235 /* MovieApp.xcdatamodel */,
			);
			currentVersion = 63DAA5DF269C7E210004F235 /* MovieApp.xcdatamodel */;
			path = MovieApp.xcdatamodeld;
			sourceTree = "<group>";
			versionGroupType = wrapper.xcdatamodel;
		};
/* End XCVersionGroup section */
	};
	rootObject = 63DAA5CA269C7E210004F235 /* Project object */;
}
